
Microsoft Visual Studio Solution File, Format Version 12.00
# Visual Studio Version 17
VisualStudioVersion = 17.1.32210.238
MinimumVisualStudioVersion = 10.0.40219.1
Project("{8BC9CEB8-8B4A-11D0-8D11-00A0C91BC942}") = "LAB12_1_1", "LAB12_1_1\LAB12_1_1.vcxproj", "{AB411DE6-DEB5-42FC-B5D9-0A3CD756E89D}"
EndProject
Project("{8BC9CEB8-8B4A-11D0-8D11-00A0C91BC942}") = "LAB12_1_2", "LAB12_1_2\LAB12_1_2.vcxproj", "{CEB1DCCD-CD74-40EA-999A-4261C55D6982}"
EndProject
Project("{8BC9CEB8-8B4A-11D0-8D11-00A0C91BC942}") = "LAB12_1_3", "LAB12_1_3\LAB12_1_3.vcxproj", "{AAABB62A-21F0-4192-93B6-5185F3670779}"
EndProject
Project("{8BC9CEB8-8B4A-11D0-8D11-00A0C91BC942}") = "LAB12_1_4", "LAB12_1_4\LAB12_1_4.vcxproj", "{72842B2D-8195-40B3-9717-75359AF87EAC}"
EndProject
Project("{8BC9CEB8-8B4A-11D0-8D11-00A0C91BC942}") = "LAB12_2_1", "LAB12_2_1\LAB12_2_1.vcxproj", "{1ACE84E9-222B-4D00-BDF5-61E4AC5CE5E1}"
EndProject
Project("{8BC9CEB8-8B4A-11D0-8D11-00A0C91BC942}") = "LAB12_2_2", "LAB12_2_2\LAB12_2_2.vcxproj", "{B3D733C3-A4F2-40E7-B98D-8415958532D9}"
EndProject
Project("{8BC9CEB8-8B4A-11D0-8D11-00A0C91BC942}") = "LAB12_2_2 수정", "LAB12_2_2 수정\LAB12_2_2 수정.vcxproj", "{A31B81DE-C7D4-4F99-AD0A-5DF406994150}"
EndProject
Project("{8BC9CEB8-8B4A-11D0-8D11-00A0C91BC942}") = "HW12_1", "HW12_1\HW12_1.vcxproj", "{E6BB7397-03CE-4D16-B61A-8EBDE433D60A}"
EndProject
Project("{8BC9CEB8-8B4A-11D0-8D11-00A0C91BC942}") = "HW12_2", "HW12_2\HW12_2.vcxproj", "{B9E48B78-F4EB-484C-B6F2-1CCD3DEAAC65}"
EndProject
Project("{8BC9CEB8-8B4A-11D0-8D11-00A0C91BC942}") = "Project3_3(최종)", "Project3_3(최종)\Project3_3(최종).vcxproj", "{2B2660B3-F617-4122-BA6D-59FCDE8A4422}"
EndProject
Global
	GlobalSection(SolutionConfigurationPlatforms) = preSolution
		Debug|x64 = Debug|x64
		Debug|x86 = Debug|x86
		Release|x64 = Release|x64
		Release|x86 = Release|x86
	EndGlobalSection
	GlobalSection(ProjectConfigurationPlatforms) = postSolution
		{AB411DE6-DEB5-42FC-B5D9-0A3CD756E89D}.Debug|x64.ActiveCfg = Debug|x64
		{AB411DE6-DEB5-42FC-B5D9-0A3CD756E89D}.Debug|x64.Build.0 = Debug|x64
		{AB411DE6-DEB5-42FC-B5D9-0A3CD756E89D}.Debug|x86.ActiveCfg = Debug|Win32
		{AB411DE6-DEB5-42FC-B5D9-0A3CD756E89D}.Debug|x86.Build.0 = Debug|Win32
		{AB411DE6-DEB5-42FC-B5D9-0A3CD756E89D}.Release|x64.ActiveCfg = Release|x64
		{AB411DE6-DEB5-42FC-B5D9-0A3CD756E89D}.Release|x64.Build.0 = Release|x64
		{AB411DE6-DEB5-42FC-B5D9-0A3CD756E89D}.Release|x86.ActiveCfg = Release|Win32
		{AB411DE6-DEB5-42FC-B5D9-0A3CD756E89D}.Release|x86.Build.0 = Release|Win32
		{CEB1DCCD-CD74-40EA-999A-4261C55D6982}.Debug|x64.ActiveCfg = Debug|x64
		{CEB1DCCD-CD74-40EA-999A-4261C55D6982}.Debug|x64.Build.0 = Debug|x64
		{CEB1DCCD-CD74-40EA-999A-4261C55D6982}.Debug|x86.ActiveCfg = Debug|Win32
		{CEB1DCCD-CD74-40EA-999A-4261C55D6982}.Debug|x86.Build.0 = Debug|Win32
		{CEB1DCCD-CD74-40EA-999A-4261C55D6982}.Release|x64.ActiveCfg = Release|x64
		{CEB1DCCD-CD74-40EA-999A-4261C55D6982}.Release|x64.Build.0 = Release|x64
		{CEB1DCCD-CD74-40EA-999A-4261C55D6982}.Release|x86.ActiveCfg = Release|Win32
		{CEB1DCCD-CD74-40EA-999A-4261C55D6982}.Release|x86.Build.0 = Release|Win32
		{AAABB62A-21F0-4192-93B6-5185F3670779}.Debug|x64.ActiveCfg = Debug|x64
		{AAABB62A-21F0-4192-93B6-5185F3670779}.Debug|x64.Build.0 = Debug|x64
		{AAABB62A-21F0-4192-93B6-5185F3670779}.Debug|x86.ActiveCfg = Debug|Win32
		{AAABB62A-21F0-4192-93B6-5185F3670779}.Debug|x86.Build.0 = Debug|Win32
		{AAABB62A-21F0-4192-93B6-5185F3670779}.Release|x64.ActiveCfg = Release|x64
		{AAABB62A-21F0-4192-93B6-5185F3670779}.Release|x64.Build.0 = Release|x64
		{AAABB62A-21F0-4192-93B6-5185F3670779}.Release|x86.ActiveCfg = Release|Win32
		{AAABB62A-21F0-4192-93B6-5185F3670779}.Release|x86.Build.0 = Release|Win32
		{72842B2D-8195-40B3-9717-75359AF87EAC}.Debug|x64.ActiveCfg = Debug|x64
		{72842B2D-8195-40B3-9717-75359AF87EAC}.Debug|x64.Build.0 = Debug|x64
		{72842B2D-8195-40B3-9717-75359AF87EAC}.Debug|x86.ActiveCfg = Debug|Win32
		{72842B2D-8195-40B3-9717-75359AF87EAC}.Debug|x86.Build.0 = Debug|Win32
		{72842B2D-8195-40B3-9717-75359AF87EAC}.Release|x64.ActiveCfg = Release|x64
		{72842B2D-8195-40B3-9717-75359AF87EAC}.Release|x64.Build.0 = Release|x64
		{72842B2D-8195-40B3-9717-75359AF87EAC}.Release|x86.ActiveCfg = Release|Win32
		{72842B2D-8195-40B3-9717-75359AF87EAC}.Release|x86.Build.0 = Release|Win32
		{1ACE84E9-222B-4D00-BDF5-61E4AC5CE5E1}.Debug|x64.ActiveCfg = Debug|x64
		{1ACE84E9-222B-4D00-BDF5-61E4AC5CE5E1}.Debug|x64.Build.0 = Debug|x64
		{1ACE84E9-222B-4D00-BDF5-61E4AC5CE5E1}.Debug|x86.ActiveCfg = Debug|Win32
		{1ACE84E9-222B-4D00-BDF5-61E4AC5CE5E1}.Debug|x86.Build.0 = Debug|Win32
		{1ACE84E9-222B-4D00-BDF5-61E4AC5CE5E1}.Release|x64.ActiveCfg = Release|x64
		{1ACE84E9-222B-4D00-BDF5-61E4AC5CE5E1}.Release|x64.Build.0 = Release|x64
		{1ACE84E9-222B-4D00-BDF5-61E4AC5CE5E1}.Release|x86.ActiveCfg = Release|Win32
		{1ACE84E9-222B-4D00-BDF5-61E4AC5CE5E1}.Release|x86.Build.0 = Release|Win32
		{B3D733C3-A4F2-40E7-B98D-8415958532D9}.Debug|x64.ActiveCfg = Debug|x64
		{B3D733C3-A4F2-40E7-B98D-8415958532D9}.Debug|x64.Build.0 = Debug|x64
		{B3D733C3-A4F2-40E7-B98D-8415958532D9}.Debug|x86.ActiveCfg = Debug|Win32
		{B3D733C3-A4F2-40E7-B98D-8415958532D9}.Debug|x86.Build.0 = Debug|Win32
		{B3D733C3-A4F2-40E7-B98D-8415958532D9}.Release|x64.ActiveCfg = Release|x64
		{B3D733C3-A4F2-40E7-B98D-8415958532D9}.Release|x64.Build.0 = Release|x64
		{B3D733C3-A4F2-40E7-B98D-8415958532D9}.Release|x86.ActiveCfg = Release|Win32
		{B3D733C3-A4F2-40E7-B98D-8415958532D9}.Release|x86.Build.0 = Release|Win32
		{A31B81DE-C7D4-4F99-AD0A-5DF406994150}.Debug|x64.ActiveCfg = Debug|x64
		{A31B81DE-C7D4-4F99-AD0A-5DF406994150}.Debug|x64.Build.0 = Debug|x64
		{A31B81DE-C7D4-4F99-AD0A-5DF406994150}.Debug|x86.ActiveCfg = Debug|Win32
		{A31B81DE-C7D4-4F99-AD0A-5DF406994150}.Debug|x86.Build.0 = Debug|Win32
		{A31B81DE-C7D4-4F99-AD0A-5DF406994150}.Release|x64.ActiveCfg = Release|x64
		{A31B81DE-C7D4-4F99-AD0A-5DF406994150}.Release|x64.Build.0 = Release|x64
		{A31B81DE-C7D4-4F99-AD0A-5DF406994150}.Release|x86.ActiveCfg = Release|Win32
		{A31B81DE-C7D4-4F99-AD0A-5DF406994150}.Release|x86.Build.0 = Release|Win32
		{E6BB7397-03CE-4D16-B61A-8EBDE433D60A}.Debug|x64.ActiveCfg = Debug|x64
		{E6BB7397-03CE-4D16-B61A-8EBDE433D60A}.Debug|x64.Build.0 = Debug|x64
		{E6BB7397-03CE-4D16-B61A-8EBDE433D60A}.Debug|x86.ActiveCfg = Debug|Win32
		{E6BB7397-03CE-4D16-B61A-8EBDE433D60A}.Debug|x86.Build.0 = Debug|Win32
		{E6BB7397-03CE-4D16-B61A-8EBDE433D60A}.Release|x64.ActiveCfg = Release|x64
		{E6BB7397-03CE-4D16-B61A-8EBDE433D60A}.Release|x64.Build.0 = Release|x64
		{E6BB7397-03CE-4D16-B61A-8EBDE433D60A}.Release|x86.ActiveCfg = Release|Win32
		{E6BB7397-03CE-4D16-B61A-8EBDE433D60A}.Release|x86.Build.0 = Release|Win32
		{B9E48B78-F4EB-484C-B6F2-1CCD3DEAAC65}.Debug|x64.ActiveCfg = Debug|x64
		{B9E48B78-F4EB-484C-B6F2-1CCD3DEAAC65}.Debug|x64.Build.0 = Debug|x64
		{B9E48B78-F4EB-484C-B6F2-1CCD3DEAAC65}.Debug|x86.ActiveCfg = Debug|Win32
		{B9E48B78-F4EB-484C-B6F2-1CCD3DEAAC65}.Debug|x86.Build.0 = Debug|Win32
		{B9E48B78-F4EB-484C-B6F2-1CCD3DEAAC65}.Release|x64.ActiveCfg = Release|x64
		{B9E48B78-F4EB-484C-B6F2-1CCD3DEAAC65}.Release|x64.Build.0 = Release|x64
		{B9E48B78-F4EB-484C-B6F2-1CCD3DEAAC65}.Release|x86.ActiveCfg = Release|Win32
		{B9E48B78-F4EB-484C-B6F2-1CCD3DEAAC65}.Release|x86.Build.0 = Release|Win32
		{2B2660B3-F617-4122-BA6D-59FCDE8A4422}.Debug|x64.ActiveCfg = Debug|x64
		{2B2660B3-F617-4122-BA6D-59FCDE8A4422}.Debug|x64.Build.0 = Debug|x64
		{2B2660B3-F617-4122-BA6D-59FCDE8A4422}.Debug|x86.ActiveCfg = Debug|Win32
		{2B2660B3-F617-4122-BA6D-59FCDE8A4422}.Debug|x86.Build.0 = Debug|Win32
		{2B2660B3-F617-4122-BA6D-59FCDE8A4422}.Release|x64.ActiveCfg = Release|x64
		{2B2660B3-F617-4122-BA6D-59FCDE8A4422}.Release|x64.Build.0 = Release|x64
		{2B2660B3-F617-4122-BA6D-59FCDE8A4422}.Release|x86.ActiveCfg = Release|Win32
		{2B2660B3-F617-4122-BA6D-59FCDE8A4422}.Release|x86.Build.0 = Release|Win32
	EndGlobalSection
	GlobalSection(SolutionProperties) = preSolution
		HideSolutionNode = FALSE
	EndGlobalSection
	GlobalSection(ExtensibilityGlobals) = postSolution
		SolutionGuid = {06006AD3-F784-4149-9531-EB7C4D003CCD}
	EndGlobalSection
EndGlobal
