
Microsoft Visual Studio Solution File, Format Version 12.00
# Visual Studio Version 17
VisualStudioVersion = 17.1.32210.238
MinimumVisualStudioVersion = 10.0.40219.1
Project("{8BC9CEB8-8B4A-11D0-8D11-00A0C91BC942}") = "LAB9_0_1", "LAB9_0_1\LAB9_0_1.vcxproj", "{8C16ABEF-915E-4A5D-9097-3CAF7EEAAFB1}"
EndProject
Project("{8BC9CEB8-8B4A-11D0-8D11-00A0C91BC942}") = "LAB9_0_2a", "LAB9_0_2a\LAB9_0_2a.vcxproj", "{15C0097D-3CC2-48D3-BBEE-1A78BAED7493}"
EndProject
Project("{8BC9CEB8-8B4A-11D0-8D11-00A0C91BC942}") = "LAB9_0_2b", "LAB9_0_2b\LAB9_0_2b.vcxproj", "{FD17AF10-1B71-4529-91ED-31170CF6CF18}"
EndProject
Project("{8BC9CEB8-8B4A-11D0-8D11-00A0C91BC942}") = "LAB9_1", "LAB9_1\LAB9_1.vcxproj", "{880FF557-693E-403B-855F-4EE8E4E52ED0}"
EndProject
Project("{8BC9CEB8-8B4A-11D0-8D11-00A0C91BC942}") = "LAB9_2", "LAB9_2\LAB9_2.vcxproj", "{19B6E1AD-35B3-493B-82AF-1F39D52958A1}"
EndProject
Project("{8BC9CEB8-8B4A-11D0-8D11-00A0C91BC942}") = "LAB9_3", "LAB9_3\LAB9_3.vcxproj", "{77169EF2-FBEE-43C8-8EC7-F2A298C701E6}"
EndProject
Project("{8BC9CEB8-8B4A-11D0-8D11-00A0C91BC942}") = "LAB9_4", "LAB9_4\LAB9_4.vcxproj", "{7B8E5CD4-B985-4514-828B-4913FA0C63C4}"
EndProject
Project("{8BC9CEB8-8B4A-11D0-8D11-00A0C91BC942}") = "LAB9_5", "LAB9_5\LAB9_5.vcxproj", "{ED0B26D5-9F7F-4FD2-A24C-D39956240533}"
EndProject
Project("{8BC9CEB8-8B4A-11D0-8D11-00A0C91BC942}") = "HW9_1", "HW9_1\HW9_1.vcxproj", "{6F1B13FC-0453-4998-9A85-B197D8B920AC}"
EndProject
Project("{8BC9CEB8-8B4A-11D0-8D11-00A0C91BC942}") = "HW9_2", "HW9_2\HW9_2.vcxproj", "{DF91D68F-D3E5-48E7-9EF8-3D28A1BD707E}"
EndProject
Project("{8BC9CEB8-8B4A-11D0-8D11-00A0C91BC942}") = "LAB오목준비", "LAB오목준비\LAB오목준비.vcxproj", "{21E129D3-F155-4910-BCA3-1C153ADFD734}"
EndProject
Project("{8BC9CEB8-8B4A-11D0-8D11-00A0C91BC942}") = "HW수평오목", "HW수평오목\HW수평오목.vcxproj", "{B0BF9BD3-FE8E-429C-BB98-0DE09A2EE948}"
EndProject
Project("{8BC9CEB8-8B4A-11D0-8D11-00A0C91BC942}") = "HW오목완성", "HW오목완성\HW오목완성.vcxproj", "{337DD0D8-71DB-4390-A9B5-F7DDC06B54A3}"
EndProject
Global
	GlobalSection(SolutionConfigurationPlatforms) = preSolution
		Debug|x64 = Debug|x64
		Debug|x86 = Debug|x86
		Release|x64 = Release|x64
		Release|x86 = Release|x86
	EndGlobalSection
	GlobalSection(ProjectConfigurationPlatforms) = postSolution
		{8C16ABEF-915E-4A5D-9097-3CAF7EEAAFB1}.Debug|x64.ActiveCfg = Debug|x64
		{8C16ABEF-915E-4A5D-9097-3CAF7EEAAFB1}.Debug|x64.Build.0 = Debug|x64
		{8C16ABEF-915E-4A5D-9097-3CAF7EEAAFB1}.Debug|x86.ActiveCfg = Debug|Win32
		{8C16ABEF-915E-4A5D-9097-3CAF7EEAAFB1}.Debug|x86.Build.0 = Debug|Win32
		{8C16ABEF-915E-4A5D-9097-3CAF7EEAAFB1}.Release|x64.ActiveCfg = Release|x64
		{8C16ABEF-915E-4A5D-9097-3CAF7EEAAFB1}.Release|x64.Build.0 = Release|x64
		{8C16ABEF-915E-4A5D-9097-3CAF7EEAAFB1}.Release|x86.ActiveCfg = Release|Win32
		{8C16ABEF-915E-4A5D-9097-3CAF7EEAAFB1}.Release|x86.Build.0 = Release|Win32
		{15C0097D-3CC2-48D3-BBEE-1A78BAED7493}.Debug|x64.ActiveCfg = Debug|x64
		{15C0097D-3CC2-48D3-BBEE-1A78BAED7493}.Debug|x64.Build.0 = Debug|x64
		{15C0097D-3CC2-48D3-BBEE-1A78BAED7493}.Debug|x86.ActiveCfg = Debug|Win32
		{15C0097D-3CC2-48D3-BBEE-1A78BAED7493}.Debug|x86.Build.0 = Debug|Win32
		{15C0097D-3CC2-48D3-BBEE-1A78BAED7493}.Release|x64.ActiveCfg = Release|x64
		{15C0097D-3CC2-48D3-BBEE-1A78BAED7493}.Release|x64.Build.0 = Release|x64
		{15C0097D-3CC2-48D3-BBEE-1A78BAED7493}.Release|x86.ActiveCfg = Release|Win32
		{15C0097D-3CC2-48D3-BBEE-1A78BAED7493}.Release|x86.Build.0 = Release|Win32
		{FD17AF10-1B71-4529-91ED-31170CF6CF18}.Debug|x64.ActiveCfg = Debug|x64
		{FD17AF10-1B71-4529-91ED-31170CF6CF18}.Debug|x64.Build.0 = Debug|x64
		{FD17AF10-1B71-4529-91ED-31170CF6CF18}.Debug|x86.ActiveCfg = Debug|Win32
		{FD17AF10-1B71-4529-91ED-31170CF6CF18}.Debug|x86.Build.0 = Debug|Win32
		{FD17AF10-1B71-4529-91ED-31170CF6CF18}.Release|x64.ActiveCfg = Release|x64
		{FD17AF10-1B71-4529-91ED-31170CF6CF18}.Release|x64.Build.0 = Release|x64
		{FD17AF10-1B71-4529-91ED-31170CF6CF18}.Release|x86.ActiveCfg = Release|Win32
		{FD17AF10-1B71-4529-91ED-31170CF6CF18}.Release|x86.Build.0 = Release|Win32
		{880FF557-693E-403B-855F-4EE8E4E52ED0}.Debug|x64.ActiveCfg = Debug|x64
		{880FF557-693E-403B-855F-4EE8E4E52ED0}.Debug|x64.Build.0 = Debug|x64
		{880FF557-693E-403B-855F-4EE8E4E52ED0}.Debug|x86.ActiveCfg = Debug|Win32
		{880FF557-693E-403B-855F-4EE8E4E52ED0}.Debug|x86.Build.0 = Debug|Win32
		{880FF557-693E-403B-855F-4EE8E4E52ED0}.Release|x64.ActiveCfg = Release|x64
		{880FF557-693E-403B-855F-4EE8E4E52ED0}.Release|x64.Build.0 = Release|x64
		{880FF557-693E-403B-855F-4EE8E4E52ED0}.Release|x86.ActiveCfg = Release|Win32
		{880FF557-693E-403B-855F-4EE8E4E52ED0}.Release|x86.Build.0 = Release|Win32
		{19B6E1AD-35B3-493B-82AF-1F39D52958A1}.Debug|x64.ActiveCfg = Debug|x64
		{19B6E1AD-35B3-493B-82AF-1F39D52958A1}.Debug|x64.Build.0 = Debug|x64
		{19B6E1AD-35B3-493B-82AF-1F39D52958A1}.Debug|x86.ActiveCfg = Debug|Win32
		{19B6E1AD-35B3-493B-82AF-1F39D52958A1}.Debug|x86.Build.0 = Debug|Win32
		{19B6E1AD-35B3-493B-82AF-1F39D52958A1}.Release|x64.ActiveCfg = Release|x64
		{19B6E1AD-35B3-493B-82AF-1F39D52958A1}.Release|x64.Build.0 = Release|x64
		{19B6E1AD-35B3-493B-82AF-1F39D52958A1}.Release|x86.ActiveCfg = Release|Win32
		{19B6E1AD-35B3-493B-82AF-1F39D52958A1}.Release|x86.Build.0 = Release|Win32
		{77169EF2-FBEE-43C8-8EC7-F2A298C701E6}.Debug|x64.ActiveCfg = Debug|x64
		{77169EF2-FBEE-43C8-8EC7-F2A298C701E6}.Debug|x64.Build.0 = Debug|x64
		{77169EF2-FBEE-43C8-8EC7-F2A298C701E6}.Debug|x86.ActiveCfg = Debug|Win32
		{77169EF2-FBEE-43C8-8EC7-F2A298C701E6}.Debug|x86.Build.0 = Debug|Win32
		{77169EF2-FBEE-43C8-8EC7-F2A298C701E6}.Release|x64.ActiveCfg = Release|x64
		{77169EF2-FBEE-43C8-8EC7-F2A298C701E6}.Release|x64.Build.0 = Release|x64
		{77169EF2-FBEE-43C8-8EC7-F2A298C701E6}.Release|x86.ActiveCfg = Release|Win32
		{77169EF2-FBEE-43C8-8EC7-F2A298C701E6}.Release|x86.Build.0 = Release|Win32
		{7B8E5CD4-B985-4514-828B-4913FA0C63C4}.Debug|x64.ActiveCfg = Debug|x64
		{7B8E5CD4-B985-4514-828B-4913FA0C63C4}.Debug|x64.Build.0 = Debug|x64
		{7B8E5CD4-B985-4514-828B-4913FA0C63C4}.Debug|x86.ActiveCfg = Debug|Win32
		{7B8E5CD4-B985-4514-828B-4913FA0C63C4}.Debug|x86.Build.0 = Debug|Win32
		{7B8E5CD4-B985-4514-828B-4913FA0C63C4}.Release|x64.ActiveCfg = Release|x64
		{7B8E5CD4-B985-4514-828B-4913FA0C63C4}.Release|x64.Build.0 = Release|x64
		{7B8E5CD4-B985-4514-828B-4913FA0C63C4}.Release|x86.ActiveCfg = Release|Win32
		{7B8E5CD4-B985-4514-828B-4913FA0C63C4}.Release|x86.Build.0 = Release|Win32
		{ED0B26D5-9F7F-4FD2-A24C-D39956240533}.Debug|x64.ActiveCfg = Debug|x64
		{ED0B26D5-9F7F-4FD2-A24C-D39956240533}.Debug|x64.Build.0 = Debug|x64
		{ED0B26D5-9F7F-4FD2-A24C-D39956240533}.Debug|x86.ActiveCfg = Debug|Win32
		{ED0B26D5-9F7F-4FD2-A24C-D39956240533}.Debug|x86.Build.0 = Debug|Win32
		{ED0B26D5-9F7F-4FD2-A24C-D39956240533}.Release|x64.ActiveCfg = Release|x64
		{ED0B26D5-9F7F-4FD2-A24C-D39956240533}.Release|x64.Build.0 = Release|x64
		{ED0B26D5-9F7F-4FD2-A24C-D39956240533}.Release|x86.ActiveCfg = Release|Win32
		{ED0B26D5-9F7F-4FD2-A24C-D39956240533}.Release|x86.Build.0 = Release|Win32
		{6F1B13FC-0453-4998-9A85-B197D8B920AC}.Debug|x64.ActiveCfg = Debug|x64
		{6F1B13FC-0453-4998-9A85-B197D8B920AC}.Debug|x64.Build.0 = Debug|x64
		{6F1B13FC-0453-4998-9A85-B197D8B920AC}.Debug|x86.ActiveCfg = Debug|Win32
		{6F1B13FC-0453-4998-9A85-B197D8B920AC}.Debug|x86.Build.0 = Debug|Win32
		{6F1B13FC-0453-4998-9A85-B197D8B920AC}.Release|x64.ActiveCfg = Release|x64
		{6F1B13FC-0453-4998-9A85-B197D8B920AC}.Release|x64.Build.0 = Release|x64
		{6F1B13FC-0453-4998-9A85-B197D8B920AC}.Release|x86.ActiveCfg = Release|Win32
		{6F1B13FC-0453-4998-9A85-B197D8B920AC}.Release|x86.Build.0 = Release|Win32
		{DF91D68F-D3E5-48E7-9EF8-3D28A1BD707E}.Debug|x64.ActiveCfg = Debug|x64
		{DF91D68F-D3E5-48E7-9EF8-3D28A1BD707E}.Debug|x64.Build.0 = Debug|x64
		{DF91D68F-D3E5-48E7-9EF8-3D28A1BD707E}.Debug|x86.ActiveCfg = Debug|Win32
		{DF91D68F-D3E5-48E7-9EF8-3D28A1BD707E}.Debug|x86.Build.0 = Debug|Win32
		{DF91D68F-D3E5-48E7-9EF8-3D28A1BD707E}.Release|x64.ActiveCfg = Release|x64
		{DF91D68F-D3E5-48E7-9EF8-3D28A1BD707E}.Release|x64.Build.0 = Release|x64
		{DF91D68F-D3E5-48E7-9EF8-3D28A1BD707E}.Release|x86.ActiveCfg = Release|Win32
		{DF91D68F-D3E5-48E7-9EF8-3D28A1BD707E}.Release|x86.Build.0 = Release|Win32
		{21E129D3-F155-4910-BCA3-1C153ADFD734}.Debug|x64.ActiveCfg = Debug|x64
		{21E129D3-F155-4910-BCA3-1C153ADFD734}.Debug|x64.Build.0 = Debug|x64
		{21E129D3-F155-4910-BCA3-1C153ADFD734}.Debug|x86.ActiveCfg = Debug|Win32
		{21E129D3-F155-4910-BCA3-1C153ADFD734}.Debug|x86.Build.0 = Debug|Win32
		{21E129D3-F155-4910-BCA3-1C153ADFD734}.Release|x64.ActiveCfg = Release|x64
		{21E129D3-F155-4910-BCA3-1C153ADFD734}.Release|x64.Build.0 = Release|x64
		{21E129D3-F155-4910-BCA3-1C153ADFD734}.Release|x86.ActiveCfg = Release|Win32
		{21E129D3-F155-4910-BCA3-1C153ADFD734}.Release|x86.Build.0 = Release|Win32
		{B0BF9BD3-FE8E-429C-BB98-0DE09A2EE948}.Debug|x64.ActiveCfg = Debug|x64
		{B0BF9BD3-FE8E-429C-BB98-0DE09A2EE948}.Debug|x64.Build.0 = Debug|x64
		{B0BF9BD3-FE8E-429C-BB98-0DE09A2EE948}.Debug|x86.ActiveCfg = Debug|Win32
		{B0BF9BD3-FE8E-429C-BB98-0DE09A2EE948}.Debug|x86.Build.0 = Debug|Win32
		{B0BF9BD3-FE8E-429C-BB98-0DE09A2EE948}.Release|x64.ActiveCfg = Release|x64
		{B0BF9BD3-FE8E-429C-BB98-0DE09A2EE948}.Release|x64.Build.0 = Release|x64
		{B0BF9BD3-FE8E-429C-BB98-0DE09A2EE948}.Release|x86.ActiveCfg = Release|Win32
		{B0BF9BD3-FE8E-429C-BB98-0DE09A2EE948}.Release|x86.Build.0 = Release|Win32
		{337DD0D8-71DB-4390-A9B5-F7DDC06B54A3}.Debug|x64.ActiveCfg = Debug|x64
		{337DD0D8-71DB-4390-A9B5-F7DDC06B54A3}.Debug|x64.Build.0 = Debug|x64
		{337DD0D8-71DB-4390-A9B5-F7DDC06B54A3}.Debug|x86.ActiveCfg = Debug|Win32
		{337DD0D8-71DB-4390-A9B5-F7DDC06B54A3}.Debug|x86.Build.0 = Debug|Win32
		{337DD0D8-71DB-4390-A9B5-F7DDC06B54A3}.Release|x64.ActiveCfg = Release|x64
		{337DD0D8-71DB-4390-A9B5-F7DDC06B54A3}.Release|x64.Build.0 = Release|x64
		{337DD0D8-71DB-4390-A9B5-F7DDC06B54A3}.Release|x86.ActiveCfg = Release|Win32
		{337DD0D8-71DB-4390-A9B5-F7DDC06B54A3}.Release|x86.Build.0 = Release|Win32
	EndGlobalSection
	GlobalSection(SolutionProperties) = preSolution
		HideSolutionNode = FALSE
	EndGlobalSection
	GlobalSection(ExtensibilityGlobals) = postSolution
		SolutionGuid = {1AB768C1-E5B9-46B2-BBBF-1E5732B1B66B}
	EndGlobalSection
EndGlobal
