
Microsoft Visual Studio Solution File, Format Version 12.00
# Visual Studio Version 17
VisualStudioVersion = 17.1.32210.238
MinimumVisualStudioVersion = 10.0.40219.1
Project("{8BC9CEB8-8B4A-11D0-8D11-00A0C91BC942}") = "HW6_2", "HW6_2\HW6_2.vcxproj", "{C8F15DF7-5E5D-4CF5-AC6A-FA52CC3FD097}"
EndProject
Project("{8BC9CEB8-8B4A-11D0-8D11-00A0C91BC942}") = "challenge6b", "challenge6b\challenge6b.vcxproj", "{29B31D9A-20DA-4026-9A28-1FB5E69DB0B3}"
EndProject
Project("{8BC9CEB8-8B4A-11D0-8D11-00A0C91BC942}") = "HW6_3", "HW6_3\HW6_3.vcxproj", "{D86842C0-4278-4BFB-999D-BA6FAF5428F9}"
EndProject
Project("{8BC9CEB8-8B4A-11D0-8D11-00A0C91BC942}") = "challenge6a", "challenge6a\challenge6a.vcxproj", "{5B9E1B3A-C985-444D-99B4-67832ED5EA6E}"
EndProject
Project("{8BC9CEB8-8B4A-11D0-8D11-00A0C91BC942}") = "challenge6c", "challenge6c\challenge6c.vcxproj", "{B6C583D0-9BA4-4813-B401-1569C0E75B97}"
EndProject
Project("{8BC9CEB8-8B4A-11D0-8D11-00A0C91BC942}") = "challenge6d", "challenge6d\challenge6d.vcxproj", "{04C8A9AD-4B2F-43AB-8249-D84EC849C0D4}"
EndProject
Project("{8BC9CEB8-8B4A-11D0-8D11-00A0C91BC942}") = "2020프논_5", "2020프논_5\2020프논_5.vcxproj", "{D23A31B8-F732-4276-A51B-E288BC1A3301}"
EndProject
Project("{8BC9CEB8-8B4A-11D0-8D11-00A0C91BC942}") = "2020_프논6", "2020_프논6\2020_프논6.vcxproj", "{81D84A13-5AD9-47AF-AE5E-14EC76EF5D9F}"
EndProject
Project("{8BC9CEB8-8B4A-11D0-8D11-00A0C91BC942}") = "2018프논_스트링", "2018프논_스트링\2018프논_스트링.vcxproj", "{C1F9D09C-C185-481B-936C-FEA1BDC9AF74}"
EndProject
Project("{8BC9CEB8-8B4A-11D0-8D11-00A0C91BC942}") = "Project4_0", "Project4_0\Project4_0.vcxproj", "{D09448F1-9AFB-409D-B54E-B4D73FA53BC6}"
EndProject
Project("{8BC9CEB8-8B4A-11D0-8D11-00A0C91BC942}") = "Project4_1", "Project4_1\Project4_1.vcxproj", "{839DA7D0-E33F-4D43-A1F8-D74D65D27C45}"
EndProject
Global
	GlobalSection(SolutionConfigurationPlatforms) = preSolution
		Debug|x64 = Debug|x64
		Debug|x86 = Debug|x86
		Release|x64 = Release|x64
		Release|x86 = Release|x86
	EndGlobalSection
	GlobalSection(ProjectConfigurationPlatforms) = postSolution
		{C8F15DF7-5E5D-4CF5-AC6A-FA52CC3FD097}.Debug|x64.ActiveCfg = Debug|x64
		{C8F15DF7-5E5D-4CF5-AC6A-FA52CC3FD097}.Debug|x64.Build.0 = Debug|x64
		{C8F15DF7-5E5D-4CF5-AC6A-FA52CC3FD097}.Debug|x86.ActiveCfg = Debug|Win32
		{C8F15DF7-5E5D-4CF5-AC6A-FA52CC3FD097}.Debug|x86.Build.0 = Debug|Win32
		{C8F15DF7-5E5D-4CF5-AC6A-FA52CC3FD097}.Release|x64.ActiveCfg = Release|x64
		{C8F15DF7-5E5D-4CF5-AC6A-FA52CC3FD097}.Release|x64.Build.0 = Release|x64
		{C8F15DF7-5E5D-4CF5-AC6A-FA52CC3FD097}.Release|x86.ActiveCfg = Release|Win32
		{C8F15DF7-5E5D-4CF5-AC6A-FA52CC3FD097}.Release|x86.Build.0 = Release|Win32
		{29B31D9A-20DA-4026-9A28-1FB5E69DB0B3}.Debug|x64.ActiveCfg = Debug|x64
		{29B31D9A-20DA-4026-9A28-1FB5E69DB0B3}.Debug|x64.Build.0 = Debug|x64
		{29B31D9A-20DA-4026-9A28-1FB5E69DB0B3}.Debug|x86.ActiveCfg = Debug|Win32
		{29B31D9A-20DA-4026-9A28-1FB5E69DB0B3}.Debug|x86.Build.0 = Debug|Win32
		{29B31D9A-20DA-4026-9A28-1FB5E69DB0B3}.Release|x64.ActiveCfg = Release|x64
		{29B31D9A-20DA-4026-9A28-1FB5E69DB0B3}.Release|x64.Build.0 = Release|x64
		{29B31D9A-20DA-4026-9A28-1FB5E69DB0B3}.Release|x86.ActiveCfg = Release|Win32
		{29B31D9A-20DA-4026-9A28-1FB5E69DB0B3}.Release|x86.Build.0 = Release|Win32
		{D86842C0-4278-4BFB-999D-BA6FAF5428F9}.Debug|x64.ActiveCfg = Debug|x64
		{D86842C0-4278-4BFB-999D-BA6FAF5428F9}.Debug|x64.Build.0 = Debug|x64
		{D86842C0-4278-4BFB-999D-BA6FAF5428F9}.Debug|x86.ActiveCfg = Debug|Win32
		{D86842C0-4278-4BFB-999D-BA6FAF5428F9}.Debug|x86.Build.0 = Debug|Win32
		{D86842C0-4278-4BFB-999D-BA6FAF5428F9}.Release|x64.ActiveCfg = Release|x64
		{D86842C0-4278-4BFB-999D-BA6FAF5428F9}.Release|x64.Build.0 = Release|x64
		{D86842C0-4278-4BFB-999D-BA6FAF5428F9}.Release|x86.ActiveCfg = Release|Win32
		{D86842C0-4278-4BFB-999D-BA6FAF5428F9}.Release|x86.Build.0 = Release|Win32
		{5B9E1B3A-C985-444D-99B4-67832ED5EA6E}.Debug|x64.ActiveCfg = Debug|x64
		{5B9E1B3A-C985-444D-99B4-67832ED5EA6E}.Debug|x64.Build.0 = Debug|x64
		{5B9E1B3A-C985-444D-99B4-67832ED5EA6E}.Debug|x86.ActiveCfg = Debug|Win32
		{5B9E1B3A-C985-444D-99B4-67832ED5EA6E}.Debug|x86.Build.0 = Debug|Win32
		{5B9E1B3A-C985-444D-99B4-67832ED5EA6E}.Release|x64.ActiveCfg = Release|x64
		{5B9E1B3A-C985-444D-99B4-67832ED5EA6E}.Release|x64.Build.0 = Release|x64
		{5B9E1B3A-C985-444D-99B4-67832ED5EA6E}.Release|x86.ActiveCfg = Release|Win32
		{5B9E1B3A-C985-444D-99B4-67832ED5EA6E}.Release|x86.Build.0 = Release|Win32
		{B6C583D0-9BA4-4813-B401-1569C0E75B97}.Debug|x64.ActiveCfg = Debug|x64
		{B6C583D0-9BA4-4813-B401-1569C0E75B97}.Debug|x64.Build.0 = Debug|x64
		{B6C583D0-9BA4-4813-B401-1569C0E75B97}.Debug|x86.ActiveCfg = Debug|Win32
		{B6C583D0-9BA4-4813-B401-1569C0E75B97}.Debug|x86.Build.0 = Debug|Win32
		{B6C583D0-9BA4-4813-B401-1569C0E75B97}.Release|x64.ActiveCfg = Release|x64
		{B6C583D0-9BA4-4813-B401-1569C0E75B97}.Release|x64.Build.0 = Release|x64
		{B6C583D0-9BA4-4813-B401-1569C0E75B97}.Release|x86.ActiveCfg = Release|Win32
		{B6C583D0-9BA4-4813-B401-1569C0E75B97}.Release|x86.Build.0 = Release|Win32
		{04C8A9AD-4B2F-43AB-8249-D84EC849C0D4}.Debug|x64.ActiveCfg = Debug|x64
		{04C8A9AD-4B2F-43AB-8249-D84EC849C0D4}.Debug|x64.Build.0 = Debug|x64
		{04C8A9AD-4B2F-43AB-8249-D84EC849C0D4}.Debug|x86.ActiveCfg = Debug|Win32
		{04C8A9AD-4B2F-43AB-8249-D84EC849C0D4}.Debug|x86.Build.0 = Debug|Win32
		{04C8A9AD-4B2F-43AB-8249-D84EC849C0D4}.Release|x64.ActiveCfg = Release|x64
		{04C8A9AD-4B2F-43AB-8249-D84EC849C0D4}.Release|x64.Build.0 = Release|x64
		{04C8A9AD-4B2F-43AB-8249-D84EC849C0D4}.Release|x86.ActiveCfg = Release|Win32
		{04C8A9AD-4B2F-43AB-8249-D84EC849C0D4}.Release|x86.Build.0 = Release|Win32
		{D23A31B8-F732-4276-A51B-E288BC1A3301}.Debug|x64.ActiveCfg = Debug|x64
		{D23A31B8-F732-4276-A51B-E288BC1A3301}.Debug|x64.Build.0 = Debug|x64
		{D23A31B8-F732-4276-A51B-E288BC1A3301}.Debug|x86.ActiveCfg = Debug|Win32
		{D23A31B8-F732-4276-A51B-E288BC1A3301}.Debug|x86.Build.0 = Debug|Win32
		{D23A31B8-F732-4276-A51B-E288BC1A3301}.Release|x64.ActiveCfg = Release|x64
		{D23A31B8-F732-4276-A51B-E288BC1A3301}.Release|x64.Build.0 = Release|x64
		{D23A31B8-F732-4276-A51B-E288BC1A3301}.Release|x86.ActiveCfg = Release|Win32
		{D23A31B8-F732-4276-A51B-E288BC1A3301}.Release|x86.Build.0 = Release|Win32
		{81D84A13-5AD9-47AF-AE5E-14EC76EF5D9F}.Debug|x64.ActiveCfg = Debug|x64
		{81D84A13-5AD9-47AF-AE5E-14EC76EF5D9F}.Debug|x64.Build.0 = Debug|x64
		{81D84A13-5AD9-47AF-AE5E-14EC76EF5D9F}.Debug|x86.ActiveCfg = Debug|Win32
		{81D84A13-5AD9-47AF-AE5E-14EC76EF5D9F}.Debug|x86.Build.0 = Debug|Win32
		{81D84A13-5AD9-47AF-AE5E-14EC76EF5D9F}.Release|x64.ActiveCfg = Release|x64
		{81D84A13-5AD9-47AF-AE5E-14EC76EF5D9F}.Release|x64.Build.0 = Release|x64
		{81D84A13-5AD9-47AF-AE5E-14EC76EF5D9F}.Release|x86.ActiveCfg = Release|Win32
		{81D84A13-5AD9-47AF-AE5E-14EC76EF5D9F}.Release|x86.Build.0 = Release|Win32
		{C1F9D09C-C185-481B-936C-FEA1BDC9AF74}.Debug|x64.ActiveCfg = Debug|x64
		{C1F9D09C-C185-481B-936C-FEA1BDC9AF74}.Debug|x64.Build.0 = Debug|x64
		{C1F9D09C-C185-481B-936C-FEA1BDC9AF74}.Debug|x86.ActiveCfg = Debug|Win32
		{C1F9D09C-C185-481B-936C-FEA1BDC9AF74}.Debug|x86.Build.0 = Debug|Win32
		{C1F9D09C-C185-481B-936C-FEA1BDC9AF74}.Release|x64.ActiveCfg = Release|x64
		{C1F9D09C-C185-481B-936C-FEA1BDC9AF74}.Release|x64.Build.0 = Release|x64
		{C1F9D09C-C185-481B-936C-FEA1BDC9AF74}.Release|x86.ActiveCfg = Release|Win32
		{C1F9D09C-C185-481B-936C-FEA1BDC9AF74}.Release|x86.Build.0 = Release|Win32
		{D09448F1-9AFB-409D-B54E-B4D73FA53BC6}.Debug|x64.ActiveCfg = Debug|x64
		{D09448F1-9AFB-409D-B54E-B4D73FA53BC6}.Debug|x64.Build.0 = Debug|x64
		{D09448F1-9AFB-409D-B54E-B4D73FA53BC6}.Debug|x86.ActiveCfg = Debug|Win32
		{D09448F1-9AFB-409D-B54E-B4D73FA53BC6}.Debug|x86.Build.0 = Debug|Win32
		{D09448F1-9AFB-409D-B54E-B4D73FA53BC6}.Release|x64.ActiveCfg = Release|x64
		{D09448F1-9AFB-409D-B54E-B4D73FA53BC6}.Release|x64.Build.0 = Release|x64
		{D09448F1-9AFB-409D-B54E-B4D73FA53BC6}.Release|x86.ActiveCfg = Release|Win32
		{D09448F1-9AFB-409D-B54E-B4D73FA53BC6}.Release|x86.Build.0 = Release|Win32
		{839DA7D0-E33F-4D43-A1F8-D74D65D27C45}.Debug|x64.ActiveCfg = Debug|x64
		{839DA7D0-E33F-4D43-A1F8-D74D65D27C45}.Debug|x64.Build.0 = Debug|x64
		{839DA7D0-E33F-4D43-A1F8-D74D65D27C45}.Debug|x86.ActiveCfg = Debug|Win32
		{839DA7D0-E33F-4D43-A1F8-D74D65D27C45}.Debug|x86.Build.0 = Debug|Win32
		{839DA7D0-E33F-4D43-A1F8-D74D65D27C45}.Release|x64.ActiveCfg = Release|x64
		{839DA7D0-E33F-4D43-A1F8-D74D65D27C45}.Release|x64.Build.0 = Release|x64
		{839DA7D0-E33F-4D43-A1F8-D74D65D27C45}.Release|x86.ActiveCfg = Release|Win32
		{839DA7D0-E33F-4D43-A1F8-D74D65D27C45}.Release|x86.Build.0 = Release|Win32
	EndGlobalSection
	GlobalSection(SolutionProperties) = preSolution
		HideSolutionNode = FALSE
	EndGlobalSection
	GlobalSection(ExtensibilityGlobals) = postSolution
		SolutionGuid = {766B9FF8-8EFF-4904-A621-67CA4B73B449}
	EndGlobalSection
EndGlobal
