
Microsoft Visual Studio Solution File, Format Version 12.00
# Visual Studio Version 17
VisualStudioVersion = 17.1.32210.238
MinimumVisualStudioVersion = 10.0.40219.1
Project("{8BC9CEB8-8B4A-11D0-8D11-00A0C91BC942}") = "LAB4_2", "LAB4_2\LAB4_2.vcxproj", "{2C18DCB0-AC33-4648-A687-AD225C42BCE3}"
EndProject
Project("{8BC9CEB8-8B4A-11D0-8D11-00A0C91BC942}") = "LAB4_3", "LAB4_3\LAB4_3.vcxproj", "{D88762EA-CEB2-4804-829A-F4FC8DF10440}"
EndProject
Project("{8BC9CEB8-8B4A-11D0-8D11-00A0C91BC942}") = "HW4_1", "HW4_1\HW4_1.vcxproj", "{4800DF38-3051-4400-9A62-BFB803F41514}"
EndProject
Project("{8BC9CEB8-8B4A-11D0-8D11-00A0C91BC942}") = "HW4_3_0", "HW4_3_0\HW4_3_0.vcxproj", "{9C3783DF-D4B1-4D3E-BEDB-834F7970F7C8}"
EndProject
Project("{8BC9CEB8-8B4A-11D0-8D11-00A0C91BC942}") = "HW4_3_1", "HW4_3_1\HW4_3_1.vcxproj", "{A250B21D-5C52-4C1B-921F-DBE0BA334B8D}"
EndProject
Project("{8BC9CEB8-8B4A-11D0-8D11-00A0C91BC942}") = "HW4_4", "HW4_4\HW4_4.vcxproj", "{2F4E8647-AC47-4776-9A9A-2B024F3E6350}"
EndProject
Project("{8BC9CEB8-8B4A-11D0-8D11-00A0C91BC942}") = "HW4_5_1", "HW4_5_1\HW4_5_1.vcxproj", "{FC3D3EC1-3C3E-4EC3-9752-B14961B4A48B}"
EndProject
Project("{8BC9CEB8-8B4A-11D0-8D11-00A0C91BC942}") = "HW4_5_2", "HW4_5_2\HW4_5_2.vcxproj", "{A64CE213-A28C-4341-B30D-F6A4F3515AF3}"
EndProject
Project("{8BC9CEB8-8B4A-11D0-8D11-00A0C91BC942}") = "HW4_2", "HW4_2\HW4_2.vcxproj", "{371D1122-2AB4-44F6-B3DE-9877194EEF52}"
EndProject
Project("{8BC9CEB8-8B4A-11D0-8D11-00A0C91BC942}") = "Challenge4_2", "Challenge4_2\Challenge4_2.vcxproj", "{C902B530-832F-4490-93C4-BCD3FD599DE0}"
EndProject
Project("{8BC9CEB8-8B4A-11D0-8D11-00A0C91BC942}") = "Project_20p", "Project_20p\Project_20p.vcxproj", "{7F6E020E-43AA-4A2E-8246-2756DB65C0E5}"
EndProject
Project("{8BC9CEB8-8B4A-11D0-8D11-00A0C91BC942}") = "Project_21p", "Project_21p\Project_21p.vcxproj", "{578FF140-AB3C-461A-9BC9-7691113A1C9C}"
EndProject
Global
	GlobalSection(SolutionConfigurationPlatforms) = preSolution
		Debug|x64 = Debug|x64
		Debug|x86 = Debug|x86
		Release|x64 = Release|x64
		Release|x86 = Release|x86
	EndGlobalSection
	GlobalSection(ProjectConfigurationPlatforms) = postSolution
		{2C18DCB0-AC33-4648-A687-AD225C42BCE3}.Debug|x64.ActiveCfg = Debug|x64
		{2C18DCB0-AC33-4648-A687-AD225C42BCE3}.Debug|x64.Build.0 = Debug|x64
		{2C18DCB0-AC33-4648-A687-AD225C42BCE3}.Debug|x86.ActiveCfg = Debug|Win32
		{2C18DCB0-AC33-4648-A687-AD225C42BCE3}.Debug|x86.Build.0 = Debug|Win32
		{2C18DCB0-AC33-4648-A687-AD225C42BCE3}.Release|x64.ActiveCfg = Release|x64
		{2C18DCB0-AC33-4648-A687-AD225C42BCE3}.Release|x64.Build.0 = Release|x64
		{2C18DCB0-AC33-4648-A687-AD225C42BCE3}.Release|x86.ActiveCfg = Release|Win32
		{2C18DCB0-AC33-4648-A687-AD225C42BCE3}.Release|x86.Build.0 = Release|Win32
		{D88762EA-CEB2-4804-829A-F4FC8DF10440}.Debug|x64.ActiveCfg = Debug|x64
		{D88762EA-CEB2-4804-829A-F4FC8DF10440}.Debug|x64.Build.0 = Debug|x64
		{D88762EA-CEB2-4804-829A-F4FC8DF10440}.Debug|x86.ActiveCfg = Debug|Win32
		{D88762EA-CEB2-4804-829A-F4FC8DF10440}.Debug|x86.Build.0 = Debug|Win32
		{D88762EA-CEB2-4804-829A-F4FC8DF10440}.Release|x64.ActiveCfg = Release|x64
		{D88762EA-CEB2-4804-829A-F4FC8DF10440}.Release|x64.Build.0 = Release|x64
		{D88762EA-CEB2-4804-829A-F4FC8DF10440}.Release|x86.ActiveCfg = Release|Win32
		{D88762EA-CEB2-4804-829A-F4FC8DF10440}.Release|x86.Build.0 = Release|Win32
		{4800DF38-3051-4400-9A62-BFB803F41514}.Debug|x64.ActiveCfg = Debug|x64
		{4800DF38-3051-4400-9A62-BFB803F41514}.Debug|x64.Build.0 = Debug|x64
		{4800DF38-3051-4400-9A62-BFB803F41514}.Debug|x86.ActiveCfg = Debug|Win32
		{4800DF38-3051-4400-9A62-BFB803F41514}.Debug|x86.Build.0 = Debug|Win32
		{4800DF38-3051-4400-9A62-BFB803F41514}.Release|x64.ActiveCfg = Release|x64
		{4800DF38-3051-4400-9A62-BFB803F41514}.Release|x64.Build.0 = Release|x64
		{4800DF38-3051-4400-9A62-BFB803F41514}.Release|x86.ActiveCfg = Release|Win32
		{4800DF38-3051-4400-9A62-BFB803F41514}.Release|x86.Build.0 = Release|Win32
		{9C3783DF-D4B1-4D3E-BEDB-834F7970F7C8}.Debug|x64.ActiveCfg = Debug|x64
		{9C3783DF-D4B1-4D3E-BEDB-834F7970F7C8}.Debug|x64.Build.0 = Debug|x64
		{9C3783DF-D4B1-4D3E-BEDB-834F7970F7C8}.Debug|x86.ActiveCfg = Debug|Win32
		{9C3783DF-D4B1-4D3E-BEDB-834F7970F7C8}.Debug|x86.Build.0 = Debug|Win32
		{9C3783DF-D4B1-4D3E-BEDB-834F7970F7C8}.Release|x64.ActiveCfg = Release|x64
		{9C3783DF-D4B1-4D3E-BEDB-834F7970F7C8}.Release|x64.Build.0 = Release|x64
		{9C3783DF-D4B1-4D3E-BEDB-834F7970F7C8}.Release|x86.ActiveCfg = Release|Win32
		{9C3783DF-D4B1-4D3E-BEDB-834F7970F7C8}.Release|x86.Build.0 = Release|Win32
		{A250B21D-5C52-4C1B-921F-DBE0BA334B8D}.Debug|x64.ActiveCfg = Debug|x64
		{A250B21D-5C52-4C1B-921F-DBE0BA334B8D}.Debug|x64.Build.0 = Debug|x64
		{A250B21D-5C52-4C1B-921F-DBE0BA334B8D}.Debug|x86.ActiveCfg = Debug|Win32
		{A250B21D-5C52-4C1B-921F-DBE0BA334B8D}.Debug|x86.Build.0 = Debug|Win32
		{A250B21D-5C52-4C1B-921F-DBE0BA334B8D}.Release|x64.ActiveCfg = Release|x64
		{A250B21D-5C52-4C1B-921F-DBE0BA334B8D}.Release|x64.Build.0 = Release|x64
		{A250B21D-5C52-4C1B-921F-DBE0BA334B8D}.Release|x86.ActiveCfg = Release|Win32
		{A250B21D-5C52-4C1B-921F-DBE0BA334B8D}.Release|x86.Build.0 = Release|Win32
		{2F4E8647-AC47-4776-9A9A-2B024F3E6350}.Debug|x64.ActiveCfg = Debug|x64
		{2F4E8647-AC47-4776-9A9A-2B024F3E6350}.Debug|x64.Build.0 = Debug|x64
		{2F4E8647-AC47-4776-9A9A-2B024F3E6350}.Debug|x86.ActiveCfg = Debug|Win32
		{2F4E8647-AC47-4776-9A9A-2B024F3E6350}.Debug|x86.Build.0 = Debug|Win32
		{2F4E8647-AC47-4776-9A9A-2B024F3E6350}.Release|x64.ActiveCfg = Release|x64
		{2F4E8647-AC47-4776-9A9A-2B024F3E6350}.Release|x64.Build.0 = Release|x64
		{2F4E8647-AC47-4776-9A9A-2B024F3E6350}.Release|x86.ActiveCfg = Release|Win32
		{2F4E8647-AC47-4776-9A9A-2B024F3E6350}.Release|x86.Build.0 = Release|Win32
		{FC3D3EC1-3C3E-4EC3-9752-B14961B4A48B}.Debug|x64.ActiveCfg = Debug|x64
		{FC3D3EC1-3C3E-4EC3-9752-B14961B4A48B}.Debug|x64.Build.0 = Debug|x64
		{FC3D3EC1-3C3E-4EC3-9752-B14961B4A48B}.Debug|x86.ActiveCfg = Debug|Win32
		{FC3D3EC1-3C3E-4EC3-9752-B14961B4A48B}.Debug|x86.Build.0 = Debug|Win32
		{FC3D3EC1-3C3E-4EC3-9752-B14961B4A48B}.Release|x64.ActiveCfg = Release|x64
		{FC3D3EC1-3C3E-4EC3-9752-B14961B4A48B}.Release|x64.Build.0 = Release|x64
		{FC3D3EC1-3C3E-4EC3-9752-B14961B4A48B}.Release|x86.ActiveCfg = Release|Win32
		{FC3D3EC1-3C3E-4EC3-9752-B14961B4A48B}.Release|x86.Build.0 = Release|Win32
		{A64CE213-A28C-4341-B30D-F6A4F3515AF3}.Debug|x64.ActiveCfg = Debug|x64
		{A64CE213-A28C-4341-B30D-F6A4F3515AF3}.Debug|x64.Build.0 = Debug|x64
		{A64CE213-A28C-4341-B30D-F6A4F3515AF3}.Debug|x86.ActiveCfg = Debug|Win32
		{A64CE213-A28C-4341-B30D-F6A4F3515AF3}.Debug|x86.Build.0 = Debug|Win32
		{A64CE213-A28C-4341-B30D-F6A4F3515AF3}.Release|x64.ActiveCfg = Release|x64
		{A64CE213-A28C-4341-B30D-F6A4F3515AF3}.Release|x64.Build.0 = Release|x64
		{A64CE213-A28C-4341-B30D-F6A4F3515AF3}.Release|x86.ActiveCfg = Release|Win32
		{A64CE213-A28C-4341-B30D-F6A4F3515AF3}.Release|x86.Build.0 = Release|Win32
		{371D1122-2AB4-44F6-B3DE-9877194EEF52}.Debug|x64.ActiveCfg = Debug|x64
		{371D1122-2AB4-44F6-B3DE-9877194EEF52}.Debug|x64.Build.0 = Debug|x64
		{371D1122-2AB4-44F6-B3DE-9877194EEF52}.Debug|x86.ActiveCfg = Debug|Win32
		{371D1122-2AB4-44F6-B3DE-9877194EEF52}.Debug|x86.Build.0 = Debug|Win32
		{371D1122-2AB4-44F6-B3DE-9877194EEF52}.Release|x64.ActiveCfg = Release|x64
		{371D1122-2AB4-44F6-B3DE-9877194EEF52}.Release|x64.Build.0 = Release|x64
		{371D1122-2AB4-44F6-B3DE-9877194EEF52}.Release|x86.ActiveCfg = Release|Win32
		{371D1122-2AB4-44F6-B3DE-9877194EEF52}.Release|x86.Build.0 = Release|Win32
		{C902B530-832F-4490-93C4-BCD3FD599DE0}.Debug|x64.ActiveCfg = Debug|x64
		{C902B530-832F-4490-93C4-BCD3FD599DE0}.Debug|x64.Build.0 = Debug|x64
		{C902B530-832F-4490-93C4-BCD3FD599DE0}.Debug|x86.ActiveCfg = Debug|Win32
		{C902B530-832F-4490-93C4-BCD3FD599DE0}.Debug|x86.Build.0 = Debug|Win32
		{C902B530-832F-4490-93C4-BCD3FD599DE0}.Release|x64.ActiveCfg = Release|x64
		{C902B530-832F-4490-93C4-BCD3FD599DE0}.Release|x64.Build.0 = Release|x64
		{C902B530-832F-4490-93C4-BCD3FD599DE0}.Release|x86.ActiveCfg = Release|Win32
		{C902B530-832F-4490-93C4-BCD3FD599DE0}.Release|x86.Build.0 = Release|Win32
		{7F6E020E-43AA-4A2E-8246-2756DB65C0E5}.Debug|x64.ActiveCfg = Debug|x64
		{7F6E020E-43AA-4A2E-8246-2756DB65C0E5}.Debug|x64.Build.0 = Debug|x64
		{7F6E020E-43AA-4A2E-8246-2756DB65C0E5}.Debug|x86.ActiveCfg = Debug|Win32
		{7F6E020E-43AA-4A2E-8246-2756DB65C0E5}.Debug|x86.Build.0 = Debug|Win32
		{7F6E020E-43AA-4A2E-8246-2756DB65C0E5}.Release|x64.ActiveCfg = Release|x64
		{7F6E020E-43AA-4A2E-8246-2756DB65C0E5}.Release|x64.Build.0 = Release|x64
		{7F6E020E-43AA-4A2E-8246-2756DB65C0E5}.Release|x86.ActiveCfg = Release|Win32
		{7F6E020E-43AA-4A2E-8246-2756DB65C0E5}.Release|x86.Build.0 = Release|Win32
		{578FF140-AB3C-461A-9BC9-7691113A1C9C}.Debug|x64.ActiveCfg = Debug|x64
		{578FF140-AB3C-461A-9BC9-7691113A1C9C}.Debug|x64.Build.0 = Debug|x64
		{578FF140-AB3C-461A-9BC9-7691113A1C9C}.Debug|x86.ActiveCfg = Debug|Win32
		{578FF140-AB3C-461A-9BC9-7691113A1C9C}.Debug|x86.Build.0 = Debug|Win32
		{578FF140-AB3C-461A-9BC9-7691113A1C9C}.Release|x64.ActiveCfg = Release|x64
		{578FF140-AB3C-461A-9BC9-7691113A1C9C}.Release|x64.Build.0 = Release|x64
		{578FF140-AB3C-461A-9BC9-7691113A1C9C}.Release|x86.ActiveCfg = Release|Win32
		{578FF140-AB3C-461A-9BC9-7691113A1C9C}.Release|x86.Build.0 = Release|Win32
	EndGlobalSection
	GlobalSection(SolutionProperties) = preSolution
		HideSolutionNode = FALSE
	EndGlobalSection
	GlobalSection(ExtensibilityGlobals) = postSolution
		SolutionGuid = {D219BE47-86EA-43EA-B87F-8AFD73DE59E8}
	EndGlobalSection
EndGlobal
