
Microsoft Visual Studio Solution File, Format Version 12.00
# Visual Studio Version 17
VisualStudioVersion = 17.1.32210.238
MinimumVisualStudioVersion = 10.0.40219.1
Project("{8BC9CEB8-8B4A-11D0-8D11-00A0C91BC942}") = "LAB16_1", "LAB16_1\LAB16_1.vcxproj", "{53FFC722-25B7-452E-9B8A-D7AE1B6B2270}"
EndProject
Project("{8BC9CEB8-8B4A-11D0-8D11-00A0C91BC942}") = "LAB16_3", "LAB16_3\LAB16_3.vcxproj", "{719BFABF-B3EB-42CB-A079-A27E56E9E507}"
EndProject
Project("{8BC9CEB8-8B4A-11D0-8D11-00A0C91BC942}") = "LAB16_4", "LAB16_4\LAB16_4.vcxproj", "{B307A41D-60E4-47BF-9AD1-295273FFBB97}"
EndProject
Project("{8BC9CEB8-8B4A-11D0-8D11-00A0C91BC942}") = "LAB16_5", "LAB16_5\LAB16_5.vcxproj", "{C2FFF66E-162B-408A-A39D-2C37685B2236}"
EndProject
Project("{8BC9CEB8-8B4A-11D0-8D11-00A0C91BC942}") = "HW16_1", "HW16_1\HW16_1.vcxproj", "{0A535EF9-E092-4268-B251-E685FF8F2C65}"
EndProject
Project("{8BC9CEB8-8B4A-11D0-8D11-00A0C91BC942}") = "HW16_2", "HW16_2\HW16_2.vcxproj", "{D86EA378-2864-46A6-8A9C-BBC5C737D1A3}"
EndProject
Project("{8BC9CEB8-8B4A-11D0-8D11-00A0C91BC942}") = "HW16_3", "HW16_3\HW16_3.vcxproj", "{7A1540A1-B664-4759-9B80-B43B03325C12}"
EndProject
Project("{8BC9CEB8-8B4A-11D0-8D11-00A0C91BC942}") = "HW16_4", "HW16_4\HW16_4.vcxproj", "{973CF96E-1621-413C-83D5-0E4114292B7E}"
EndProject
Global
	GlobalSection(SolutionConfigurationPlatforms) = preSolution
		Debug|x64 = Debug|x64
		Debug|x86 = Debug|x86
		Release|x64 = Release|x64
		Release|x86 = Release|x86
	EndGlobalSection
	GlobalSection(ProjectConfigurationPlatforms) = postSolution
		{53FFC722-25B7-452E-9B8A-D7AE1B6B2270}.Debug|x64.ActiveCfg = Debug|x64
		{53FFC722-25B7-452E-9B8A-D7AE1B6B2270}.Debug|x64.Build.0 = Debug|x64
		{53FFC722-25B7-452E-9B8A-D7AE1B6B2270}.Debug|x86.ActiveCfg = Debug|Win32
		{53FFC722-25B7-452E-9B8A-D7AE1B6B2270}.Debug|x86.Build.0 = Debug|Win32
		{53FFC722-25B7-452E-9B8A-D7AE1B6B2270}.Release|x64.ActiveCfg = Release|x64
		{53FFC722-25B7-452E-9B8A-D7AE1B6B2270}.Release|x64.Build.0 = Release|x64
		{53FFC722-25B7-452E-9B8A-D7AE1B6B2270}.Release|x86.ActiveCfg = Release|Win32
		{53FFC722-25B7-452E-9B8A-D7AE1B6B2270}.Release|x86.Build.0 = Release|Win32
		{719BFABF-B3EB-42CB-A079-A27E56E9E507}.Debug|x64.ActiveCfg = Debug|x64
		{719BFABF-B3EB-42CB-A079-A27E56E9E507}.Debug|x64.Build.0 = Debug|x64
		{719BFABF-B3EB-42CB-A079-A27E56E9E507}.Debug|x86.ActiveCfg = Debug|Win32
		{719BFABF-B3EB-42CB-A079-A27E56E9E507}.Debug|x86.Build.0 = Debug|Win32
		{719BFABF-B3EB-42CB-A079-A27E56E9E507}.Release|x64.ActiveCfg = Release|x64
		{719BFABF-B3EB-42CB-A079-A27E56E9E507}.Release|x64.Build.0 = Release|x64
		{719BFABF-B3EB-42CB-A079-A27E56E9E507}.Release|x86.ActiveCfg = Release|Win32
		{719BFABF-B3EB-42CB-A079-A27E56E9E507}.Release|x86.Build.0 = Release|Win32
		{B307A41D-60E4-47BF-9AD1-295273FFBB97}.Debug|x64.ActiveCfg = Debug|x64
		{B307A41D-60E4-47BF-9AD1-295273FFBB97}.Debug|x64.Build.0 = Debug|x64
		{B307A41D-60E4-47BF-9AD1-295273FFBB97}.Debug|x86.ActiveCfg = Debug|Win32
		{B307A41D-60E4-47BF-9AD1-295273FFBB97}.Debug|x86.Build.0 = Debug|Win32
		{B307A41D-60E4-47BF-9AD1-295273FFBB97}.Release|x64.ActiveCfg = Release|x64
		{B307A41D-60E4-47BF-9AD1-295273FFBB97}.Release|x64.Build.0 = Release|x64
		{B307A41D-60E4-47BF-9AD1-295273FFBB97}.Release|x86.ActiveCfg = Release|Win32
		{B307A41D-60E4-47BF-9AD1-295273FFBB97}.Release|x86.Build.0 = Release|Win32
		{C2FFF66E-162B-408A-A39D-2C37685B2236}.Debug|x64.ActiveCfg = Debug|x64
		{C2FFF66E-162B-408A-A39D-2C37685B2236}.Debug|x64.Build.0 = Debug|x64
		{C2FFF66E-162B-408A-A39D-2C37685B2236}.Debug|x86.ActiveCfg = Debug|Win32
		{C2FFF66E-162B-408A-A39D-2C37685B2236}.Debug|x86.Build.0 = Debug|Win32
		{C2FFF66E-162B-408A-A39D-2C37685B2236}.Release|x64.ActiveCfg = Release|x64
		{C2FFF66E-162B-408A-A39D-2C37685B2236}.Release|x64.Build.0 = Release|x64
		{C2FFF66E-162B-408A-A39D-2C37685B2236}.Release|x86.ActiveCfg = Release|Win32
		{C2FFF66E-162B-408A-A39D-2C37685B2236}.Release|x86.Build.0 = Release|Win32
		{0A535EF9-E092-4268-B251-E685FF8F2C65}.Debug|x64.ActiveCfg = Debug|x64
		{0A535EF9-E092-4268-B251-E685FF8F2C65}.Debug|x64.Build.0 = Debug|x64
		{0A535EF9-E092-4268-B251-E685FF8F2C65}.Debug|x86.ActiveCfg = Debug|Win32
		{0A535EF9-E092-4268-B251-E685FF8F2C65}.Debug|x86.Build.0 = Debug|Win32
		{0A535EF9-E092-4268-B251-E685FF8F2C65}.Release|x64.ActiveCfg = Release|x64
		{0A535EF9-E092-4268-B251-E685FF8F2C65}.Release|x64.Build.0 = Release|x64
		{0A535EF9-E092-4268-B251-E685FF8F2C65}.Release|x86.ActiveCfg = Release|Win32
		{0A535EF9-E092-4268-B251-E685FF8F2C65}.Release|x86.Build.0 = Release|Win32
		{D86EA378-2864-46A6-8A9C-BBC5C737D1A3}.Debug|x64.ActiveCfg = Debug|x64
		{D86EA378-2864-46A6-8A9C-BBC5C737D1A3}.Debug|x64.Build.0 = Debug|x64
		{D86EA378-2864-46A6-8A9C-BBC5C737D1A3}.Debug|x86.ActiveCfg = Debug|Win32
		{D86EA378-2864-46A6-8A9C-BBC5C737D1A3}.Debug|x86.Build.0 = Debug|Win32
		{D86EA378-2864-46A6-8A9C-BBC5C737D1A3}.Release|x64.ActiveCfg = Release|x64
		{D86EA378-2864-46A6-8A9C-BBC5C737D1A3}.Release|x64.Build.0 = Release|x64
		{D86EA378-2864-46A6-8A9C-BBC5C737D1A3}.Release|x86.ActiveCfg = Release|Win32
		{D86EA378-2864-46A6-8A9C-BBC5C737D1A3}.Release|x86.Build.0 = Release|Win32
		{7A1540A1-B664-4759-9B80-B43B03325C12}.Debug|x64.ActiveCfg = Debug|x64
		{7A1540A1-B664-4759-9B80-B43B03325C12}.Debug|x64.Build.0 = Debug|x64
		{7A1540A1-B664-4759-9B80-B43B03325C12}.Debug|x86.ActiveCfg = Debug|Win32
		{7A1540A1-B664-4759-9B80-B43B03325C12}.Debug|x86.Build.0 = Debug|Win32
		{7A1540A1-B664-4759-9B80-B43B03325C12}.Release|x64.ActiveCfg = Release|x64
		{7A1540A1-B664-4759-9B80-B43B03325C12}.Release|x64.Build.0 = Release|x64
		{7A1540A1-B664-4759-9B80-B43B03325C12}.Release|x86.ActiveCfg = Release|Win32
		{7A1540A1-B664-4759-9B80-B43B03325C12}.Release|x86.Build.0 = Release|Win32
		{973CF96E-1621-413C-83D5-0E4114292B7E}.Debug|x64.ActiveCfg = Debug|x64
		{973CF96E-1621-413C-83D5-0E4114292B7E}.Debug|x64.Build.0 = Debug|x64
		{973CF96E-1621-413C-83D5-0E4114292B7E}.Debug|x86.ActiveCfg = Debug|Win32
		{973CF96E-1621-413C-83D5-0E4114292B7E}.Debug|x86.Build.0 = Debug|Win32
		{973CF96E-1621-413C-83D5-0E4114292B7E}.Release|x64.ActiveCfg = Release|x64
		{973CF96E-1621-413C-83D5-0E4114292B7E}.Release|x64.Build.0 = Release|x64
		{973CF96E-1621-413C-83D5-0E4114292B7E}.Release|x86.ActiveCfg = Release|Win32
		{973CF96E-1621-413C-83D5-0E4114292B7E}.Release|x86.Build.0 = Release|Win32
	EndGlobalSection
	GlobalSection(SolutionProperties) = preSolution
		HideSolutionNode = FALSE
	EndGlobalSection
	GlobalSection(ExtensibilityGlobals) = postSolution
		SolutionGuid = {92C85B0D-295D-4EDD-A839-CC6974CF8964}
	EndGlobalSection
EndGlobal
