
Microsoft Visual Studio Solution File, Format Version 12.00
# Visual Studio Version 17
VisualStudioVersion = 17.1.32210.238
MinimumVisualStudioVersion = 10.0.40219.1
Project("{8BC9CEB8-8B4A-11D0-8D11-00A0C91BC942}") = "LAB11_1_1", "LAB11_1_1\LAB11_1_1.vcxproj", "{2DE56327-AC9D-4FB0-9AA9-527AC7E8856F}"
EndProject
Project("{8BC9CEB8-8B4A-11D0-8D11-00A0C91BC942}") = "LAB10_0_3", "LAB10_0_3\LAB10_0_3.vcxproj", "{1A951BBE-5A33-4043-8E88-3FEEEAFA5893}"
EndProject
Project("{8BC9CEB8-8B4A-11D0-8D11-00A0C91BC942}") = "LAB10_0_2", "LAB10_0_2\LAB10_0_2.vcxproj", "{5D8C1592-B7D1-49F7-A03C-C2901E993A04}"
EndProject
Project("{8BC9CEB8-8B4A-11D0-8D11-00A0C91BC942}") = "LAB10_1(revisited)", "LAB10_1(revisited)\LAB10_1(revisited).vcxproj", "{5F3BC638-1DA1-49CD-B30C-3A1399873306}"
EndProject
Project("{8BC9CEB8-8B4A-11D0-8D11-00A0C91BC942}") = "LAB11_1_2", "LAB11_1_2\LAB11_1_2.vcxproj", "{CCB9B6EC-9069-4C55-BF39-8EDAB39727A9}"
EndProject
Project("{8BC9CEB8-8B4A-11D0-8D11-00A0C91BC942}") = "LAB11_2_0", "LAB11_2_0\LAB11_2_0.vcxproj", "{142FFD07-5DCC-4A0F-A052-AD6E8DB39C9B}"
EndProject
Project("{8BC9CEB8-8B4A-11D0-8D11-00A0C91BC942}") = "LAB11_2_1", "LAB11_2_1\LAB11_2_1.vcxproj", "{5E763213-45BD-49D1-BABB-E3A51A2713E5}"
EndProject
Project("{8BC9CEB8-8B4A-11D0-8D11-00A0C91BC942}") = "HW11_1", "HW11_1\HW11_1.vcxproj", "{1427DBC1-9014-4AF9-93AF-5E393A172624}"
EndProject
Project("{8BC9CEB8-8B4A-11D0-8D11-00A0C91BC942}") = "HW13_1", "HW13_1\HW13_1.vcxproj", "{1680C060-5F7D-4D58-BF35-BD9820D51768}"
EndProject
Project("{8BC9CEB8-8B4A-11D0-8D11-00A0C91BC942}") = "HW11_2", "HW11_2\HW11_2.vcxproj", "{92109736-B118-42B4-8090-5D30DE90FC0D}"
EndProject
Project("{8BC9CEB8-8B4A-11D0-8D11-00A0C91BC942}") = "Project3_1", "Project3_1\Project3_1.vcxproj", "{1F1FE87F-B4CE-4AEF-A242-142AE8CBCD41}"
EndProject
Project("{8BC9CEB8-8B4A-11D0-8D11-00A0C91BC942}") = "Challenge11_1", "Challenge11_1\Challenge11_1.vcxproj", "{FD1333F7-0358-4F5C-82BA-03EE4C3297F0}"
EndProject
Project("{8BC9CEB8-8B4A-11D0-8D11-00A0C91BC942}") = "Challenge11_2", "Challenge11_2\Challenge11_2.vcxproj", "{C93CB783-508E-4B83-BC1B-088E97119D2E}"
EndProject
Global
	GlobalSection(SolutionConfigurationPlatforms) = preSolution
		Debug|x64 = Debug|x64
		Debug|x86 = Debug|x86
		Release|x64 = Release|x64
		Release|x86 = Release|x86
	EndGlobalSection
	GlobalSection(ProjectConfigurationPlatforms) = postSolution
		{2DE56327-AC9D-4FB0-9AA9-527AC7E8856F}.Debug|x64.ActiveCfg = Debug|x64
		{2DE56327-AC9D-4FB0-9AA9-527AC7E8856F}.Debug|x64.Build.0 = Debug|x64
		{2DE56327-AC9D-4FB0-9AA9-527AC7E8856F}.Debug|x86.ActiveCfg = Debug|Win32
		{2DE56327-AC9D-4FB0-9AA9-527AC7E8856F}.Debug|x86.Build.0 = Debug|Win32
		{2DE56327-AC9D-4FB0-9AA9-527AC7E8856F}.Release|x64.ActiveCfg = Release|x64
		{2DE56327-AC9D-4FB0-9AA9-527AC7E8856F}.Release|x64.Build.0 = Release|x64
		{2DE56327-AC9D-4FB0-9AA9-527AC7E8856F}.Release|x86.ActiveCfg = Release|Win32
		{2DE56327-AC9D-4FB0-9AA9-527AC7E8856F}.Release|x86.Build.0 = Release|Win32
		{1A951BBE-5A33-4043-8E88-3FEEEAFA5893}.Debug|x64.ActiveCfg = Debug|x64
		{1A951BBE-5A33-4043-8E88-3FEEEAFA5893}.Debug|x64.Build.0 = Debug|x64
		{1A951BBE-5A33-4043-8E88-3FEEEAFA5893}.Debug|x86.ActiveCfg = Debug|Win32
		{1A951BBE-5A33-4043-8E88-3FEEEAFA5893}.Debug|x86.Build.0 = Debug|Win32
		{1A951BBE-5A33-4043-8E88-3FEEEAFA5893}.Release|x64.ActiveCfg = Release|x64
		{1A951BBE-5A33-4043-8E88-3FEEEAFA5893}.Release|x64.Build.0 = Release|x64
		{1A951BBE-5A33-4043-8E88-3FEEEAFA5893}.Release|x86.ActiveCfg = Release|Win32
		{1A951BBE-5A33-4043-8E88-3FEEEAFA5893}.Release|x86.Build.0 = Release|Win32
		{5D8C1592-B7D1-49F7-A03C-C2901E993A04}.Debug|x64.ActiveCfg = Debug|x64
		{5D8C1592-B7D1-49F7-A03C-C2901E993A04}.Debug|x64.Build.0 = Debug|x64
		{5D8C1592-B7D1-49F7-A03C-C2901E993A04}.Debug|x86.ActiveCfg = Debug|Win32
		{5D8C1592-B7D1-49F7-A03C-C2901E993A04}.Debug|x86.Build.0 = Debug|Win32
		{5D8C1592-B7D1-49F7-A03C-C2901E993A04}.Release|x64.ActiveCfg = Release|x64
		{5D8C1592-B7D1-49F7-A03C-C2901E993A04}.Release|x64.Build.0 = Release|x64
		{5D8C1592-B7D1-49F7-A03C-C2901E993A04}.Release|x86.ActiveCfg = Release|Win32
		{5D8C1592-B7D1-49F7-A03C-C2901E993A04}.Release|x86.Build.0 = Release|Win32
		{5F3BC638-1DA1-49CD-B30C-3A1399873306}.Debug|x64.ActiveCfg = Debug|x64
		{5F3BC638-1DA1-49CD-B30C-3A1399873306}.Debug|x64.Build.0 = Debug|x64
		{5F3BC638-1DA1-49CD-B30C-3A1399873306}.Debug|x86.ActiveCfg = Debug|Win32
		{5F3BC638-1DA1-49CD-B30C-3A1399873306}.Debug|x86.Build.0 = Debug|Win32
		{5F3BC638-1DA1-49CD-B30C-3A1399873306}.Release|x64.ActiveCfg = Release|x64
		{5F3BC638-1DA1-49CD-B30C-3A1399873306}.Release|x64.Build.0 = Release|x64
		{5F3BC638-1DA1-49CD-B30C-3A1399873306}.Release|x86.ActiveCfg = Release|Win32
		{5F3BC638-1DA1-49CD-B30C-3A1399873306}.Release|x86.Build.0 = Release|Win32
		{CCB9B6EC-9069-4C55-BF39-8EDAB39727A9}.Debug|x64.ActiveCfg = Debug|x64
		{CCB9B6EC-9069-4C55-BF39-8EDAB39727A9}.Debug|x64.Build.0 = Debug|x64
		{CCB9B6EC-9069-4C55-BF39-8EDAB39727A9}.Debug|x86.ActiveCfg = Debug|Win32
		{CCB9B6EC-9069-4C55-BF39-8EDAB39727A9}.Debug|x86.Build.0 = Debug|Win32
		{CCB9B6EC-9069-4C55-BF39-8EDAB39727A9}.Release|x64.ActiveCfg = Release|x64
		{CCB9B6EC-9069-4C55-BF39-8EDAB39727A9}.Release|x64.Build.0 = Release|x64
		{CCB9B6EC-9069-4C55-BF39-8EDAB39727A9}.Release|x86.ActiveCfg = Release|Win32
		{CCB9B6EC-9069-4C55-BF39-8EDAB39727A9}.Release|x86.Build.0 = Release|Win32
		{142FFD07-5DCC-4A0F-A052-AD6E8DB39C9B}.Debug|x64.ActiveCfg = Debug|x64
		{142FFD07-5DCC-4A0F-A052-AD6E8DB39C9B}.Debug|x64.Build.0 = Debug|x64
		{142FFD07-5DCC-4A0F-A052-AD6E8DB39C9B}.Debug|x86.ActiveCfg = Debug|Win32
		{142FFD07-5DCC-4A0F-A052-AD6E8DB39C9B}.Debug|x86.Build.0 = Debug|Win32
		{142FFD07-5DCC-4A0F-A052-AD6E8DB39C9B}.Release|x64.ActiveCfg = Release|x64
		{142FFD07-5DCC-4A0F-A052-AD6E8DB39C9B}.Release|x64.Build.0 = Release|x64
		{142FFD07-5DCC-4A0F-A052-AD6E8DB39C9B}.Release|x86.ActiveCfg = Release|Win32
		{142FFD07-5DCC-4A0F-A052-AD6E8DB39C9B}.Release|x86.Build.0 = Release|Win32
		{5E763213-45BD-49D1-BABB-E3A51A2713E5}.Debug|x64.ActiveCfg = Debug|x64
		{5E763213-45BD-49D1-BABB-E3A51A2713E5}.Debug|x64.Build.0 = Debug|x64
		{5E763213-45BD-49D1-BABB-E3A51A2713E5}.Debug|x86.ActiveCfg = Debug|Win32
		{5E763213-45BD-49D1-BABB-E3A51A2713E5}.Debug|x86.Build.0 = Debug|Win32
		{5E763213-45BD-49D1-BABB-E3A51A2713E5}.Release|x64.ActiveCfg = Release|x64
		{5E763213-45BD-49D1-BABB-E3A51A2713E5}.Release|x64.Build.0 = Release|x64
		{5E763213-45BD-49D1-BABB-E3A51A2713E5}.Release|x86.ActiveCfg = Release|Win32
		{5E763213-45BD-49D1-BABB-E3A51A2713E5}.Release|x86.Build.0 = Release|Win32
		{1427DBC1-9014-4AF9-93AF-5E393A172624}.Debug|x64.ActiveCfg = Debug|x64
		{1427DBC1-9014-4AF9-93AF-5E393A172624}.Debug|x64.Build.0 = Debug|x64
		{1427DBC1-9014-4AF9-93AF-5E393A172624}.Debug|x86.ActiveCfg = Debug|Win32
		{1427DBC1-9014-4AF9-93AF-5E393A172624}.Debug|x86.Build.0 = Debug|Win32
		{1427DBC1-9014-4AF9-93AF-5E393A172624}.Release|x64.ActiveCfg = Release|x64
		{1427DBC1-9014-4AF9-93AF-5E393A172624}.Release|x64.Build.0 = Release|x64
		{1427DBC1-9014-4AF9-93AF-5E393A172624}.Release|x86.ActiveCfg = Release|Win32
		{1427DBC1-9014-4AF9-93AF-5E393A172624}.Release|x86.Build.0 = Release|Win32
		{1680C060-5F7D-4D58-BF35-BD9820D51768}.Debug|x64.ActiveCfg = Debug|x64
		{1680C060-5F7D-4D58-BF35-BD9820D51768}.Debug|x64.Build.0 = Debug|x64
		{1680C060-5F7D-4D58-BF35-BD9820D51768}.Debug|x86.ActiveCfg = Debug|Win32
		{1680C060-5F7D-4D58-BF35-BD9820D51768}.Debug|x86.Build.0 = Debug|Win32
		{1680C060-5F7D-4D58-BF35-BD9820D51768}.Release|x64.ActiveCfg = Release|x64
		{1680C060-5F7D-4D58-BF35-BD9820D51768}.Release|x64.Build.0 = Release|x64
		{1680C060-5F7D-4D58-BF35-BD9820D51768}.Release|x86.ActiveCfg = Release|Win32
		{1680C060-5F7D-4D58-BF35-BD9820D51768}.Release|x86.Build.0 = Release|Win32
		{92109736-B118-42B4-8090-5D30DE90FC0D}.Debug|x64.ActiveCfg = Debug|x64
		{92109736-B118-42B4-8090-5D30DE90FC0D}.Debug|x64.Build.0 = Debug|x64
		{92109736-B118-42B4-8090-5D30DE90FC0D}.Debug|x86.ActiveCfg = Debug|Win32
		{92109736-B118-42B4-8090-5D30DE90FC0D}.Debug|x86.Build.0 = Debug|Win32
		{92109736-B118-42B4-8090-5D30DE90FC0D}.Release|x64.ActiveCfg = Release|x64
		{92109736-B118-42B4-8090-5D30DE90FC0D}.Release|x64.Build.0 = Release|x64
		{92109736-B118-42B4-8090-5D30DE90FC0D}.Release|x86.ActiveCfg = Release|Win32
		{92109736-B118-42B4-8090-5D30DE90FC0D}.Release|x86.Build.0 = Release|Win32
		{1F1FE87F-B4CE-4AEF-A242-142AE8CBCD41}.Debug|x64.ActiveCfg = Debug|x64
		{1F1FE87F-B4CE-4AEF-A242-142AE8CBCD41}.Debug|x64.Build.0 = Debug|x64
		{1F1FE87F-B4CE-4AEF-A242-142AE8CBCD41}.Debug|x86.ActiveCfg = Debug|Win32
		{1F1FE87F-B4CE-4AEF-A242-142AE8CBCD41}.Debug|x86.Build.0 = Debug|Win32
		{1F1FE87F-B4CE-4AEF-A242-142AE8CBCD41}.Release|x64.ActiveCfg = Release|x64
		{1F1FE87F-B4CE-4AEF-A242-142AE8CBCD41}.Release|x64.Build.0 = Release|x64
		{1F1FE87F-B4CE-4AEF-A242-142AE8CBCD41}.Release|x86.ActiveCfg = Release|Win32
		{1F1FE87F-B4CE-4AEF-A242-142AE8CBCD41}.Release|x86.Build.0 = Release|Win32
		{FD1333F7-0358-4F5C-82BA-03EE4C3297F0}.Debug|x64.ActiveCfg = Debug|x64
		{FD1333F7-0358-4F5C-82BA-03EE4C3297F0}.Debug|x64.Build.0 = Debug|x64
		{FD1333F7-0358-4F5C-82BA-03EE4C3297F0}.Debug|x86.ActiveCfg = Debug|Win32
		{FD1333F7-0358-4F5C-82BA-03EE4C3297F0}.Debug|x86.Build.0 = Debug|Win32
		{FD1333F7-0358-4F5C-82BA-03EE4C3297F0}.Release|x64.ActiveCfg = Release|x64
		{FD1333F7-0358-4F5C-82BA-03EE4C3297F0}.Release|x64.Build.0 = Release|x64
		{FD1333F7-0358-4F5C-82BA-03EE4C3297F0}.Release|x86.ActiveCfg = Release|Win32
		{FD1333F7-0358-4F5C-82BA-03EE4C3297F0}.Release|x86.Build.0 = Release|Win32
		{C93CB783-508E-4B83-BC1B-088E97119D2E}.Debug|x64.ActiveCfg = Debug|x64
		{C93CB783-508E-4B83-BC1B-088E97119D2E}.Debug|x64.Build.0 = Debug|x64
		{C93CB783-508E-4B83-BC1B-088E97119D2E}.Debug|x86.ActiveCfg = Debug|Win32
		{C93CB783-508E-4B83-BC1B-088E97119D2E}.Debug|x86.Build.0 = Debug|Win32
		{C93CB783-508E-4B83-BC1B-088E97119D2E}.Release|x64.ActiveCfg = Release|x64
		{C93CB783-508E-4B83-BC1B-088E97119D2E}.Release|x64.Build.0 = Release|x64
		{C93CB783-508E-4B83-BC1B-088E97119D2E}.Release|x86.ActiveCfg = Release|Win32
		{C93CB783-508E-4B83-BC1B-088E97119D2E}.Release|x86.Build.0 = Release|Win32
	EndGlobalSection
	GlobalSection(SolutionProperties) = preSolution
		HideSolutionNode = FALSE
	EndGlobalSection
	GlobalSection(ExtensibilityGlobals) = postSolution
		SolutionGuid = {ABCA6719-AADA-4924-862A-431F0CCB8CC0}
	EndGlobalSection
EndGlobal
