
Microsoft Visual Studio Solution File, Format Version 12.00
# Visual Studio Version 17
VisualStudioVersion = 17.1.32210.238
MinimumVisualStudioVersion = 10.0.40219.1
Project("{8BC9CEB8-8B4A-11D0-8D11-00A0C91BC942}") = "1", "1\1.vcxproj", "{97842CC6-BC55-4B3E-8987-0F14330DDE55}"
EndProject
Project("{8BC9CEB8-8B4A-11D0-8D11-00A0C91BC942}") = "2", "2\2.vcxproj", "{BC9422F4-5516-4939-8685-0BBBC825CBD9}"
EndProject
Project("{8BC9CEB8-8B4A-11D0-8D11-00A0C91BC942}") = "3", "3\3.vcxproj", "{A6519678-3CB7-4721-B514-66A45DF413A4}"
EndProject
Project("{8BC9CEB8-8B4A-11D0-8D11-00A0C91BC942}") = "4", "4\4.vcxproj", "{2DAE2078-F57E-4B11-8131-BC2FEFF593B9}"
EndProject
Project("{8BC9CEB8-8B4A-11D0-8D11-00A0C91BC942}") = "5", "5\5.vcxproj", "{CA1325C7-DEED-4433-AC55-88A0E3AA360F}"
EndProject
Project("{8BC9CEB8-8B4A-11D0-8D11-00A0C91BC942}") = "6", "6\6.vcxproj", "{EA4688A4-B5BA-4D4A-B63B-BD4C17DFB4CE}"
EndProject
Project("{8BC9CEB8-8B4A-11D0-8D11-00A0C91BC942}") = "7", "7\7.vcxproj", "{94342837-B37A-4AC1-A94B-2E4BAB5ECD30}"
EndProject
Project("{8BC9CEB8-8B4A-11D0-8D11-00A0C91BC942}") = "8", "8\8.vcxproj", "{EDC3A2F0-EAD0-4FD7-87A3-9D612D66600E}"
EndProject
Project("{8BC9CEB8-8B4A-11D0-8D11-00A0C91BC942}") = "9", "9\9.vcxproj", "{DE841F31-6FB0-408F-B857-3DF71AA2D975}"
EndProject
Project("{8BC9CEB8-8B4A-11D0-8D11-00A0C91BC942}") = "10", "10\10.vcxproj", "{6EB4559F-3AC9-48BB-B9FF-E0F45789A1C4}"
EndProject
Global
	GlobalSection(SolutionConfigurationPlatforms) = preSolution
		Debug|x64 = Debug|x64
		Debug|x86 = Debug|x86
		Release|x64 = Release|x64
		Release|x86 = Release|x86
	EndGlobalSection
	GlobalSection(ProjectConfigurationPlatforms) = postSolution
		{97842CC6-BC55-4B3E-8987-0F14330DDE55}.Debug|x64.ActiveCfg = Debug|x64
		{97842CC6-BC55-4B3E-8987-0F14330DDE55}.Debug|x64.Build.0 = Debug|x64
		{97842CC6-BC55-4B3E-8987-0F14330DDE55}.Debug|x86.ActiveCfg = Debug|Win32
		{97842CC6-BC55-4B3E-8987-0F14330DDE55}.Debug|x86.Build.0 = Debug|Win32
		{97842CC6-BC55-4B3E-8987-0F14330DDE55}.Release|x64.ActiveCfg = Release|x64
		{97842CC6-BC55-4B3E-8987-0F14330DDE55}.Release|x64.Build.0 = Release|x64
		{97842CC6-BC55-4B3E-8987-0F14330DDE55}.Release|x86.ActiveCfg = Release|Win32
		{97842CC6-BC55-4B3E-8987-0F14330DDE55}.Release|x86.Build.0 = Release|Win32
		{BC9422F4-5516-4939-8685-0BBBC825CBD9}.Debug|x64.ActiveCfg = Debug|x64
		{BC9422F4-5516-4939-8685-0BBBC825CBD9}.Debug|x64.Build.0 = Debug|x64
		{BC9422F4-5516-4939-8685-0BBBC825CBD9}.Debug|x86.ActiveCfg = Debug|Win32
		{BC9422F4-5516-4939-8685-0BBBC825CBD9}.Debug|x86.Build.0 = Debug|Win32
		{BC9422F4-5516-4939-8685-0BBBC825CBD9}.Release|x64.ActiveCfg = Release|x64
		{BC9422F4-5516-4939-8685-0BBBC825CBD9}.Release|x64.Build.0 = Release|x64
		{BC9422F4-5516-4939-8685-0BBBC825CBD9}.Release|x86.ActiveCfg = Release|Win32
		{BC9422F4-5516-4939-8685-0BBBC825CBD9}.Release|x86.Build.0 = Release|Win32
		{A6519678-3CB7-4721-B514-66A45DF413A4}.Debug|x64.ActiveCfg = Debug|x64
		{A6519678-3CB7-4721-B514-66A45DF413A4}.Debug|x64.Build.0 = Debug|x64
		{A6519678-3CB7-4721-B514-66A45DF413A4}.Debug|x86.ActiveCfg = Debug|Win32
		{A6519678-3CB7-4721-B514-66A45DF413A4}.Debug|x86.Build.0 = Debug|Win32
		{A6519678-3CB7-4721-B514-66A45DF413A4}.Release|x64.ActiveCfg = Release|x64
		{A6519678-3CB7-4721-B514-66A45DF413A4}.Release|x64.Build.0 = Release|x64
		{A6519678-3CB7-4721-B514-66A45DF413A4}.Release|x86.ActiveCfg = Release|Win32
		{A6519678-3CB7-4721-B514-66A45DF413A4}.Release|x86.Build.0 = Release|Win32
		{2DAE2078-F57E-4B11-8131-BC2FEFF593B9}.Debug|x64.ActiveCfg = Debug|x64
		{2DAE2078-F57E-4B11-8131-BC2FEFF593B9}.Debug|x64.Build.0 = Debug|x64
		{2DAE2078-F57E-4B11-8131-BC2FEFF593B9}.Debug|x86.ActiveCfg = Debug|Win32
		{2DAE2078-F57E-4B11-8131-BC2FEFF593B9}.Debug|x86.Build.0 = Debug|Win32
		{2DAE2078-F57E-4B11-8131-BC2FEFF593B9}.Release|x64.ActiveCfg = Release|x64
		{2DAE2078-F57E-4B11-8131-BC2FEFF593B9}.Release|x64.Build.0 = Release|x64
		{2DAE2078-F57E-4B11-8131-BC2FEFF593B9}.Release|x86.ActiveCfg = Release|Win32
		{2DAE2078-F57E-4B11-8131-BC2FEFF593B9}.Release|x86.Build.0 = Release|Win32
		{CA1325C7-DEED-4433-AC55-88A0E3AA360F}.Debug|x64.ActiveCfg = Debug|x64
		{CA1325C7-DEED-4433-AC55-88A0E3AA360F}.Debug|x64.Build.0 = Debug|x64
		{CA1325C7-DEED-4433-AC55-88A0E3AA360F}.Debug|x86.ActiveCfg = Debug|Win32
		{CA1325C7-DEED-4433-AC55-88A0E3AA360F}.Debug|x86.Build.0 = Debug|Win32
		{CA1325C7-DEED-4433-AC55-88A0E3AA360F}.Release|x64.ActiveCfg = Release|x64
		{CA1325C7-DEED-4433-AC55-88A0E3AA360F}.Release|x64.Build.0 = Release|x64
		{CA1325C7-DEED-4433-AC55-88A0E3AA360F}.Release|x86.ActiveCfg = Release|Win32
		{CA1325C7-DEED-4433-AC55-88A0E3AA360F}.Release|x86.Build.0 = Release|Win32
		{EA4688A4-B5BA-4D4A-B63B-BD4C17DFB4CE}.Debug|x64.ActiveCfg = Debug|x64
		{EA4688A4-B5BA-4D4A-B63B-BD4C17DFB4CE}.Debug|x64.Build.0 = Debug|x64
		{EA4688A4-B5BA-4D4A-B63B-BD4C17DFB4CE}.Debug|x86.ActiveCfg = Debug|Win32
		{EA4688A4-B5BA-4D4A-B63B-BD4C17DFB4CE}.Debug|x86.Build.0 = Debug|Win32
		{EA4688A4-B5BA-4D4A-B63B-BD4C17DFB4CE}.Release|x64.ActiveCfg = Release|x64
		{EA4688A4-B5BA-4D4A-B63B-BD4C17DFB4CE}.Release|x64.Build.0 = Release|x64
		{EA4688A4-B5BA-4D4A-B63B-BD4C17DFB4CE}.Release|x86.ActiveCfg = Release|Win32
		{EA4688A4-B5BA-4D4A-B63B-BD4C17DFB4CE}.Release|x86.Build.0 = Release|Win32
		{94342837-B37A-4AC1-A94B-2E4BAB5ECD30}.Debug|x64.ActiveCfg = Debug|x64
		{94342837-B37A-4AC1-A94B-2E4BAB5ECD30}.Debug|x64.Build.0 = Debug|x64
		{94342837-B37A-4AC1-A94B-2E4BAB5ECD30}.Debug|x86.ActiveCfg = Debug|Win32
		{94342837-B37A-4AC1-A94B-2E4BAB5ECD30}.Debug|x86.Build.0 = Debug|Win32
		{94342837-B37A-4AC1-A94B-2E4BAB5ECD30}.Release|x64.ActiveCfg = Release|x64
		{94342837-B37A-4AC1-A94B-2E4BAB5ECD30}.Release|x64.Build.0 = Release|x64
		{94342837-B37A-4AC1-A94B-2E4BAB5ECD30}.Release|x86.ActiveCfg = Release|Win32
		{94342837-B37A-4AC1-A94B-2E4BAB5ECD30}.Release|x86.Build.0 = Release|Win32
		{EDC3A2F0-EAD0-4FD7-87A3-9D612D66600E}.Debug|x64.ActiveCfg = Debug|x64
		{EDC3A2F0-EAD0-4FD7-87A3-9D612D66600E}.Debug|x64.Build.0 = Debug|x64
		{EDC3A2F0-EAD0-4FD7-87A3-9D612D66600E}.Debug|x86.ActiveCfg = Debug|Win32
		{EDC3A2F0-EAD0-4FD7-87A3-9D612D66600E}.Debug|x86.Build.0 = Debug|Win32
		{EDC3A2F0-EAD0-4FD7-87A3-9D612D66600E}.Release|x64.ActiveCfg = Release|x64
		{EDC3A2F0-EAD0-4FD7-87A3-9D612D66600E}.Release|x64.Build.0 = Release|x64
		{EDC3A2F0-EAD0-4FD7-87A3-9D612D66600E}.Release|x86.ActiveCfg = Release|Win32
		{EDC3A2F0-EAD0-4FD7-87A3-9D612D66600E}.Release|x86.Build.0 = Release|Win32
		{DE841F31-6FB0-408F-B857-3DF71AA2D975}.Debug|x64.ActiveCfg = Debug|x64
		{DE841F31-6FB0-408F-B857-3DF71AA2D975}.Debug|x64.Build.0 = Debug|x64
		{DE841F31-6FB0-408F-B857-3DF71AA2D975}.Debug|x86.ActiveCfg = Debug|Win32
		{DE841F31-6FB0-408F-B857-3DF71AA2D975}.Debug|x86.Build.0 = Debug|Win32
		{DE841F31-6FB0-408F-B857-3DF71AA2D975}.Release|x64.ActiveCfg = Release|x64
		{DE841F31-6FB0-408F-B857-3DF71AA2D975}.Release|x64.Build.0 = Release|x64
		{DE841F31-6FB0-408F-B857-3DF71AA2D975}.Release|x86.ActiveCfg = Release|Win32
		{DE841F31-6FB0-408F-B857-3DF71AA2D975}.Release|x86.Build.0 = Release|Win32
		{6EB4559F-3AC9-48BB-B9FF-E0F45789A1C4}.Debug|x64.ActiveCfg = Debug|x64
		{6EB4559F-3AC9-48BB-B9FF-E0F45789A1C4}.Debug|x64.Build.0 = Debug|x64
		{6EB4559F-3AC9-48BB-B9FF-E0F45789A1C4}.Debug|x86.ActiveCfg = Debug|Win32
		{6EB4559F-3AC9-48BB-B9FF-E0F45789A1C4}.Debug|x86.Build.0 = Debug|Win32
		{6EB4559F-3AC9-48BB-B9FF-E0F45789A1C4}.Release|x64.ActiveCfg = Release|x64
		{6EB4559F-3AC9-48BB-B9FF-E0F45789A1C4}.Release|x64.Build.0 = Release|x64
		{6EB4559F-3AC9-48BB-B9FF-E0F45789A1C4}.Release|x86.ActiveCfg = Release|Win32
		{6EB4559F-3AC9-48BB-B9FF-E0F45789A1C4}.Release|x86.Build.0 = Release|Win32
	EndGlobalSection
	GlobalSection(SolutionProperties) = preSolution
		HideSolutionNode = FALSE
	EndGlobalSection
	GlobalSection(ExtensibilityGlobals) = postSolution
		SolutionGuid = {8328DFBB-DE04-422F-BFE1-6A5A0E0004AF}
	EndGlobalSection
EndGlobal
