
Microsoft Visual Studio Solution File, Format Version 12.00
# Visual Studio Version 17
VisualStudioVersion = 17.1.32210.238
MinimumVisualStudioVersion = 10.0.40219.1
Project("{8BC9CEB8-8B4A-11D0-8D11-00A0C91BC942}") = "LAB8_1", "LAB8_1\LAB8_1.vcxproj", "{B4E44448-C0D0-41B6-AD84-B1EF36FF70BF}"
EndProject
Project("{8BC9CEB8-8B4A-11D0-8D11-00A0C91BC942}") = "LAB8_2", "LAB8_2\LAB8_2.vcxproj", "{8F4EEA4D-31FB-4140-9ED3-7F9495122093}"
EndProject
Project("{8BC9CEB8-8B4A-11D0-8D11-00A0C91BC942}") = "LAB8_3_1", "LAB8_3_1\LAB8_3_1.vcxproj", "{A416FA2E-3584-4C5C-995F-D6CCF6FDAE27}"
EndProject
Project("{8BC9CEB8-8B4A-11D0-8D11-00A0C91BC942}") = "LAB8_3_2", "LAB8_3_2\LAB8_3_2.vcxproj", "{11630009-9F8D-481B-976C-CB9A9B094E95}"
EndProject
Project("{8BC9CEB8-8B4A-11D0-8D11-00A0C91BC942}") = "LAB8_4", "LAB8_4\LAB8_4.vcxproj", "{11DDF0CF-D413-4667-88D1-ED3A210C10CA}"
EndProject
Project("{8BC9CEB8-8B4A-11D0-8D11-00A0C91BC942}") = "HW8_1", "HW8_1\HW8_1.vcxproj", "{1F0BC6DD-C327-48C6-BA1C-3821680ABC9A}"
EndProject
Project("{8BC9CEB8-8B4A-11D0-8D11-00A0C91BC942}") = "HW8_2", "HW8_2\HW8_2.vcxproj", "{6258DE5D-BB1D-485A-ABA8-3BDEDEA7A2E3}"
EndProject
Project("{8BC9CEB8-8B4A-11D0-8D11-00A0C91BC942}") = "HW8_3", "HW8_3\HW8_3.vcxproj", "{644D8D49-C296-4762-9579-7D46D76750F3}"
EndProject
Global
	GlobalSection(SolutionConfigurationPlatforms) = preSolution
		Debug|x64 = Debug|x64
		Debug|x86 = Debug|x86
		Release|x64 = Release|x64
		Release|x86 = Release|x86
	EndGlobalSection
	GlobalSection(ProjectConfigurationPlatforms) = postSolution
		{B4E44448-C0D0-41B6-AD84-B1EF36FF70BF}.Debug|x64.ActiveCfg = Debug|x64
		{B4E44448-C0D0-41B6-AD84-B1EF36FF70BF}.Debug|x64.Build.0 = Debug|x64
		{B4E44448-C0D0-41B6-AD84-B1EF36FF70BF}.Debug|x86.ActiveCfg = Debug|Win32
		{B4E44448-C0D0-41B6-AD84-B1EF36FF70BF}.Debug|x86.Build.0 = Debug|Win32
		{B4E44448-C0D0-41B6-AD84-B1EF36FF70BF}.Release|x64.ActiveCfg = Release|x64
		{B4E44448-C0D0-41B6-AD84-B1EF36FF70BF}.Release|x64.Build.0 = Release|x64
		{B4E44448-C0D0-41B6-AD84-B1EF36FF70BF}.Release|x86.ActiveCfg = Release|Win32
		{B4E44448-C0D0-41B6-AD84-B1EF36FF70BF}.Release|x86.Build.0 = Release|Win32
		{8F4EEA4D-31FB-4140-9ED3-7F9495122093}.Debug|x64.ActiveCfg = Debug|x64
		{8F4EEA4D-31FB-4140-9ED3-7F9495122093}.Debug|x64.Build.0 = Debug|x64
		{8F4EEA4D-31FB-4140-9ED3-7F9495122093}.Debug|x86.ActiveCfg = Debug|Win32
		{8F4EEA4D-31FB-4140-9ED3-7F9495122093}.Debug|x86.Build.0 = Debug|Win32
		{8F4EEA4D-31FB-4140-9ED3-7F9495122093}.Release|x64.ActiveCfg = Release|x64
		{8F4EEA4D-31FB-4140-9ED3-7F9495122093}.Release|x64.Build.0 = Release|x64
		{8F4EEA4D-31FB-4140-9ED3-7F9495122093}.Release|x86.ActiveCfg = Release|Win32
		{8F4EEA4D-31FB-4140-9ED3-7F9495122093}.Release|x86.Build.0 = Release|Win32
		{A416FA2E-3584-4C5C-995F-D6CCF6FDAE27}.Debug|x64.ActiveCfg = Debug|x64
		{A416FA2E-3584-4C5C-995F-D6CCF6FDAE27}.Debug|x64.Build.0 = Debug|x64
		{A416FA2E-3584-4C5C-995F-D6CCF6FDAE27}.Debug|x86.ActiveCfg = Debug|Win32
		{A416FA2E-3584-4C5C-995F-D6CCF6FDAE27}.Debug|x86.Build.0 = Debug|Win32
		{A416FA2E-3584-4C5C-995F-D6CCF6FDAE27}.Release|x64.ActiveCfg = Release|x64
		{A416FA2E-3584-4C5C-995F-D6CCF6FDAE27}.Release|x64.Build.0 = Release|x64
		{A416FA2E-3584-4C5C-995F-D6CCF6FDAE27}.Release|x86.ActiveCfg = Release|Win32
		{A416FA2E-3584-4C5C-995F-D6CCF6FDAE27}.Release|x86.Build.0 = Release|Win32
		{11630009-9F8D-481B-976C-CB9A9B094E95}.Debug|x64.ActiveCfg = Debug|x64
		{11630009-9F8D-481B-976C-CB9A9B094E95}.Debug|x64.Build.0 = Debug|x64
		{11630009-9F8D-481B-976C-CB9A9B094E95}.Debug|x86.ActiveCfg = Debug|Win32
		{11630009-9F8D-481B-976C-CB9A9B094E95}.Debug|x86.Build.0 = Debug|Win32
		{11630009-9F8D-481B-976C-CB9A9B094E95}.Release|x64.ActiveCfg = Release|x64
		{11630009-9F8D-481B-976C-CB9A9B094E95}.Release|x64.Build.0 = Release|x64
		{11630009-9F8D-481B-976C-CB9A9B094E95}.Release|x86.ActiveCfg = Release|Win32
		{11630009-9F8D-481B-976C-CB9A9B094E95}.Release|x86.Build.0 = Release|Win32
		{11DDF0CF-D413-4667-88D1-ED3A210C10CA}.Debug|x64.ActiveCfg = Debug|x64
		{11DDF0CF-D413-4667-88D1-ED3A210C10CA}.Debug|x64.Build.0 = Debug|x64
		{11DDF0CF-D413-4667-88D1-ED3A210C10CA}.Debug|x86.ActiveCfg = Debug|Win32
		{11DDF0CF-D413-4667-88D1-ED3A210C10CA}.Debug|x86.Build.0 = Debug|Win32
		{11DDF0CF-D413-4667-88D1-ED3A210C10CA}.Release|x64.ActiveCfg = Release|x64
		{11DDF0CF-D413-4667-88D1-ED3A210C10CA}.Release|x64.Build.0 = Release|x64
		{11DDF0CF-D413-4667-88D1-ED3A210C10CA}.Release|x86.ActiveCfg = Release|Win32
		{11DDF0CF-D413-4667-88D1-ED3A210C10CA}.Release|x86.Build.0 = Release|Win32
		{1F0BC6DD-C327-48C6-BA1C-3821680ABC9A}.Debug|x64.ActiveCfg = Debug|x64
		{1F0BC6DD-C327-48C6-BA1C-3821680ABC9A}.Debug|x64.Build.0 = Debug|x64
		{1F0BC6DD-C327-48C6-BA1C-3821680ABC9A}.Debug|x86.ActiveCfg = Debug|Win32
		{1F0BC6DD-C327-48C6-BA1C-3821680ABC9A}.Debug|x86.Build.0 = Debug|Win32
		{1F0BC6DD-C327-48C6-BA1C-3821680ABC9A}.Release|x64.ActiveCfg = Release|x64
		{1F0BC6DD-C327-48C6-BA1C-3821680ABC9A}.Release|x64.Build.0 = Release|x64
		{1F0BC6DD-C327-48C6-BA1C-3821680ABC9A}.Release|x86.ActiveCfg = Release|Win32
		{1F0BC6DD-C327-48C6-BA1C-3821680ABC9A}.Release|x86.Build.0 = Release|Win32
		{6258DE5D-BB1D-485A-ABA8-3BDEDEA7A2E3}.Debug|x64.ActiveCfg = Debug|x64
		{6258DE5D-BB1D-485A-ABA8-3BDEDEA7A2E3}.Debug|x64.Build.0 = Debug|x64
		{6258DE5D-BB1D-485A-ABA8-3BDEDEA7A2E3}.Debug|x86.ActiveCfg = Debug|Win32
		{6258DE5D-BB1D-485A-ABA8-3BDEDEA7A2E3}.Debug|x86.Build.0 = Debug|Win32
		{6258DE5D-BB1D-485A-ABA8-3BDEDEA7A2E3}.Release|x64.ActiveCfg = Release|x64
		{6258DE5D-BB1D-485A-ABA8-3BDEDEA7A2E3}.Release|x64.Build.0 = Release|x64
		{6258DE5D-BB1D-485A-ABA8-3BDEDEA7A2E3}.Release|x86.ActiveCfg = Release|Win32
		{6258DE5D-BB1D-485A-ABA8-3BDEDEA7A2E3}.Release|x86.Build.0 = Release|Win32
		{644D8D49-C296-4762-9579-7D46D76750F3}.Debug|x64.ActiveCfg = Debug|x64
		{644D8D49-C296-4762-9579-7D46D76750F3}.Debug|x64.Build.0 = Debug|x64
		{644D8D49-C296-4762-9579-7D46D76750F3}.Debug|x86.ActiveCfg = Debug|Win32
		{644D8D49-C296-4762-9579-7D46D76750F3}.Debug|x86.Build.0 = Debug|Win32
		{644D8D49-C296-4762-9579-7D46D76750F3}.Release|x64.ActiveCfg = Release|x64
		{644D8D49-C296-4762-9579-7D46D76750F3}.Release|x64.Build.0 = Release|x64
		{644D8D49-C296-4762-9579-7D46D76750F3}.Release|x86.ActiveCfg = Release|Win32
		{644D8D49-C296-4762-9579-7D46D76750F3}.Release|x86.Build.0 = Release|Win32
	EndGlobalSection
	GlobalSection(SolutionProperties) = preSolution
		HideSolutionNode = FALSE
	EndGlobalSection
	GlobalSection(ExtensibilityGlobals) = postSolution
		SolutionGuid = {E687E3D5-06EF-4E15-8474-8A8C489F0C79}
	EndGlobalSection
EndGlobal
